// !$*UTF8*$!
{
	archiveVersion = 1;
	classes = {
	};
	objectVersion = 46;
	objects = {

/* Begin PBXBuildFile section */
		0028EFD620E5FC14005A575F /* MBProgressHUD+YL.m in Sources */ = {isa = PBXBuildFile; fileRef = 0028EFD520E5FC14005A575F /* MBProgressHUD+YL.m */; };
		0028EFDC20E5FC4B005A575F /* MBProgressHUD.m in Sources */ = {isa = PBXBuildFile; fileRef = 0028EFD820E5FC4B005A575F /* MBProgressHUD.m */; };
		0034C3CF1C32E9670087DB48 /* main.m in Sources */ = {isa = PBXBuildFile; fileRef = 0034C3CE1C32E9670087DB48 /* main.m */; };
		0034C3D21C32E9670087DB48 /* AppDelegate.m in Sources */ = {isa = PBXBuildFile; fileRef = 0034C3D11C32E9670087DB48 /* AppDelegate.m */; };
		0034C3D51C32E9670087DB48 /* ViewController.m in Sources */ = {isa = PBXBuildFile; fileRef = 0034C3D41C32E9670087DB48 /* ViewController.m */; };
		0034C3D81C32E9670087DB48 /* Main.storyboard in Resources */ = {isa = PBXBuildFile; fileRef = 0034C3D61C32E9670087DB48 /* Main.storyboard */; };
		0034C3DA1C32E9670087DB48 /* Assets.xcassets in Resources */ = {isa = PBXBuildFile; fileRef = 0034C3D91C32E9670087DB48 /* Assets.xcassets */; };
		0034C3DD1C32E9670087DB48 /* LaunchScreen.storyboard in Resources */ = {isa = PBXBuildFile; fileRef = 0034C3DB1C32E9670087DB48 /* LaunchScreen.storyboard */; };
		0034C3E81C32E9670087DB48 /* YLCategoryTests.m in Sources */ = {isa = PBXBuildFile; fileRef = 0034C3E71C32E9670087DB48 /* YLCategoryTests.m */; };
		0034C3F31C32E9670087DB48 /* YLCategoryUITests.m in Sources */ = {isa = PBXBuildFile; fileRef = 0034C3F21C32E9670087DB48 /* YLCategoryUITests.m */; };
		0035F7EF20EA12BF00E44187 /* NSDate+category.m in Sources */ = {isa = PBXBuildFile; fileRef = 0035F7ED20EA12BF00E44187 /* NSDate+category.m */; };
		004F5DC020DFADE80054D0F6 /* UIImage+category.m in Sources */ = {isa = PBXBuildFile; fileRef = 004F5DB720DFADE80054D0F6 /* UIImage+category.m */; };
		004F5DC220DFADE80054D0F6 /* UIView+Frame.m in Sources */ = {isa = PBXBuildFile; fileRef = 004F5DBD20DFADE80054D0F6 /* UIView+Frame.m */; };
		004F5DCB20DFB0250054D0F6 /* UIButton+block.m in Sources */ = {isa = PBXBuildFile; fileRef = 004F5DCA20DFB0250054D0F6 /* UIButton+block.m */; };
		004F5DCE20DFB94D0054D0F6 /* TwoViewController.m in Sources */ = {isa = PBXBuildFile; fileRef = 004F5DCD20DFB94D0054D0F6 /* TwoViewController.m */; };
		004F5DD220DFC5710054D0F6 /* UIAlertController+block.m in Sources */ = {isa = PBXBuildFile; fileRef = 004F5DD120DFC5710054D0F6 /* UIAlertController+block.m */; };
		004F5DD720DFDCD30054D0F6 /* UIColor+category.m in Sources */ = {isa = PBXBuildFile; fileRef = 004F5DD620DFDCD30054D0F6 /* UIColor+category.m */; };
		004F5DDB20DFE5CA0054D0F6 /* NSString+predicate.m in Sources */ = {isa = PBXBuildFile; fileRef = 004F5DDA20DFE5CA0054D0F6 /* NSString+predicate.m */; };
		0061BF971C4F4EF3007565C5 /* MKAnnotationView+WebCache.m in Sources */ = {isa = PBXBuildFile; fileRef = 0061BF7B1C4F4EF3007565C5 /* MKAnnotationView+WebCache.m */; };
		0061BF981C4F4EF3007565C5 /* NSData+ImageContentType.m in Sources */ = {isa = PBXBuildFile; fileRef = 0061BF7D1C4F4EF3007565C5 /* NSData+ImageContentType.m */; };
		0061BF991C4F4EF3007565C5 /* SDImageCache.m in Sources */ = {isa = PBXBuildFile; fileRef = 0061BF7F1C4F4EF3007565C5 /* SDImageCache.m */; };
		0061BF9A1C4F4EF3007565C5 /* SDWebImageCompat.m in Sources */ = {isa = PBXBuildFile; fileRef = 0061BF811C4F4EF3007565C5 /* SDWebImageCompat.m */; };
		0061BF9B1C4F4EF3007565C5 /* SDWebImageDecoder.m in Sources */ = {isa = PBXBuildFile; fileRef = 0061BF831C4F4EF3007565C5 /* SDWebImageDecoder.m */; };
		0061BF9C1C4F4EF3007565C5 /* SDWebImageDownloader.m in Sources */ = {isa = PBXBuildFile; fileRef = 0061BF851C4F4EF3007565C5 /* SDWebImageDownloader.m */; };
		0061BF9D1C4F4EF3007565C5 /* SDWebImageDownloaderOperation.m in Sources */ = {isa = PBXBuildFile; fileRef = 0061BF871C4F4EF3007565C5 /* SDWebImageDownloaderOperation.m */; };
		0061BF9E1C4F4EF3007565C5 /* SDWebImageManager.m in Sources */ = {isa = PBXBuildFile; fileRef = 0061BF891C4F4EF3007565C5 /* SDWebImageManager.m */; };
		0061BF9F1C4F4EF3007565C5 /* SDWebImagePrefetcher.m in Sources */ = {isa = PBXBuildFile; fileRef = 0061BF8C1C4F4EF3007565C5 /* SDWebImagePrefetcher.m */; };
		0061BFA01C4F4EF3007565C5 /* UIButton+WebCache.m in Sources */ = {isa = PBXBuildFile; fileRef = 0061BF8E1C4F4EF3007565C5 /* UIButton+WebCache.m */; };
		0061BFA11C4F4EF3007565C5 /* UIImage+GIF.m in Sources */ = {isa = PBXBuildFile; fileRef = 0061BF901C4F4EF3007565C5 /* UIImage+GIF.m */; };
		0061BFA21C4F4EF3007565C5 /* UIImage+MultiFormat.m in Sources */ = {isa = PBXBuildFile; fileRef = 0061BF921C4F4EF3007565C5 /* UIImage+MultiFormat.m */; };
		0061BFA31C4F4EF3007565C5 /* UIImage+WebP.m in Sources */ = {isa = PBXBuildFile; fileRef = 0061BF941C4F4EF3007565C5 /* UIImage+WebP.m */; };
		0061BFA41C4F4EF3007565C5 /* UIImageView+WebCache.m in Sources */ = {isa = PBXBuildFile; fileRef = 0061BF961C4F4EF3007565C5 /* UIImageView+WebCache.m */; };
		0083872220F82A62002FEE2C /* UILabel+category.m in Sources */ = {isa = PBXBuildFile; fileRef = 0083872020F82A62002FEE2C /* UILabel+category.m */; };
		0083872920F82FA6002FEE2C /* NSString+bounds.m in Sources */ = {isa = PBXBuildFile; fileRef = 0083872820F82FA6002FEE2C /* NSString+bounds.m */; };
/* End PBXBuildFile section */

/* Begin PBXContainerItemProxy section */
		0034C3E41C32E9670087DB48 /* PBXContainerItemProxy */ = {
			isa = PBXContainerItemProxy;
			containerPortal = 0034C3C21C32E9670087DB48 /* Project object */;
			proxyType = 1;
			remoteGlobalIDString = 0034C3C91C32E9670087DB48;
			remoteInfo = YLCategory;
		};
		0034C3EF1C32E9670087DB48 /* PBXContainerItemProxy */ = {
			isa = PBXContainerItemProxy;
			containerPortal = 0034C3C21C32E9670087DB48 /* Project object */;
			proxyType = 1;
			remoteGlobalIDString = 0034C3C91C32E9670087DB48;
			remoteInfo = YLCategory;
		};
/* End PBXContainerItemProxy section */

/* Begin PBXFileReference section */
		0028EFD420E5FC14005A575F /* MBProgressHUD+YL.h */ = {isa = PBXFileReference; fileEncoding = 4; lastKnownFileType = sourcecode.c.h; path = "MBProgressHUD+YL.h"; sourceTree = "<group>"; };
		0028EFD520E5FC14005A575F /* MBProgressHUD+YL.m */ = {isa = PBXFileReference; fileEncoding = 4; lastKnownFileType = sourcecode.c.objc; path = "MBProgressHUD+YL.m"; sourceTree = "<group>"; };
		0028EFD820E5FC4B005A575F /* MBProgressHUD.m */ = {isa = PBXFileReference; fileEncoding = 4; lastKnownFileType = sourcecode.c.objc; path = MBProgressHUD.m; sourceTree = "<group>"; };
		0028EFDA20E5FC4B005A575F /* MBProgressHUD.h */ = {isa = PBXFileReference; fileEncoding = 4; lastKnownFileType = sourcecode.c.h; path = MBProgressHUD.h; sourceTree = "<group>"; };
		0028EFDE20E6007B005A575F /* PublicHeader.h */ = {isa = PBXFileReference; lastKnownFileType = sourcecode.c.h; path = PublicHeader.h; sourceTree = "<group>"; };
		0034C3CA1C32E9670087DB48 /* YLCategory.app */ = {isa = PBXFileReference; explicitFileType = wrapper.application; includeInIndex = 0; path = YLCategory.app; sourceTree = BUILT_PRODUCTS_DIR; };
		0034C3CE1C32E9670087DB48 /* main.m */ = {isa = PBXFileReference; lastKnownFileType = sourcecode.c.objc; path = main.m; sourceTree = "<group>"; };
		0034C3D01C32E9670087DB48 /* AppDelegate.h */ = {isa = PBXFileReference; lastKnownFileType = sourcecode.c.h; path = AppDelegate.h; sourceTree = "<group>"; };
		0034C3D11C32E9670087DB48 /* AppDelegate.m */ = {isa = PBXFileReference; lastKnownFileType = sourcecode.c.objc; path = AppDelegate.m; sourceTree = "<group>"; };
		0034C3D31C32E9670087DB48 /* ViewController.h */ = {isa = PBXFileReference; lastKnownFileType = sourcecode.c.h; path = ViewController.h; sourceTree = "<group>"; };
		0034C3D41C32E9670087DB48 /* ViewController.m */ = {isa = PBXFileReference; lastKnownFileType = sourcecode.c.objc; path = ViewController.m; sourceTree = "<group>"; };
		0034C3D71C32E9670087DB48 /* Base */ = {isa = PBXFileReference; lastKnownFileType = file.storyboard; name = Base; path = Base.lproj/Main.storyboard; sourceTree = "<group>"; };
		0034C3D91C32E9670087DB48 /* Assets.xcassets */ = {isa = PBXFileReference; lastKnownFileType = folder.assetcatalog; path = Assets.xcassets; sourceTree = "<group>"; };
		0034C3DC1C32E9670087DB48 /* Base */ = {isa = PBXFileReference; lastKnownFileType = file.storyboard; name = Base; path = Base.lproj/LaunchScreen.storyboard; sourceTree = "<group>"; };
		0034C3DE1C32E9670087DB48 /* Info.plist */ = {isa = PBXFileReference; lastKnownFileType = text.plist.xml; path = Info.plist; sourceTree = "<group>"; };
		0034C3E31C32E9670087DB48 /* YLCategoryTests.xctest */ = {isa = PBXFileReference; explicitFileType = wrapper.cfbundle; includeInIndex = 0; path = YLCategoryTests.xctest; sourceTree = BUILT_PRODUCTS_DIR; };
		0034C3E71C32E9670087DB48 /* YLCategoryTests.m */ = {isa = PBXFileReference; lastKnownFileType = sourcecode.c.objc; path = YLCategoryTests.m; sourceTree = "<group>"; };
		0034C3E91C32E9670087DB48 /* Info.plist */ = {isa = PBXFileReference; lastKnownFileType = text.plist.xml; path = Info.plist; sourceTree = "<group>"; };
		0034C3EE1C32E9670087DB48 /* YLCategoryUITests.xctest */ = {isa = PBXFileReference; explicitFileType = wrapper.cfbundle; includeInIndex = 0; path = YLCategoryUITests.xctest; sourceTree = BUILT_PRODUCTS_DIR; };
		0034C3F21C32E9670087DB48 /* YLCategoryUITests.m */ = {isa = PBXFileReference; lastKnownFileType = sourcecode.c.objc; path = YLCategoryUITests.m; sourceTree = "<group>"; };
		0034C3F41C32E9670087DB48 /* Info.plist */ = {isa = PBXFileReference; lastKnownFileType = text.plist.xml; path = Info.plist; sourceTree = "<group>"; };
		0035F7ED20EA12BF00E44187 /* NSDate+category.m */ = {isa = PBXFileReference; fileEncoding = 4; lastKnownFileType = sourcecode.c.objc; path = "NSDate+category.m"; sourceTree = "<group>"; };
		0035F7EE20EA12BF00E44187 /* NSDate+category.h */ = {isa = PBXFileReference; fileEncoding = 4; lastKnownFileType = sourcecode.c.h; path = "NSDate+category.h"; sourceTree = "<group>"; };
		004F5DB720DFADE80054D0F6 /* UIImage+category.m */ = {isa = PBXFileReference; fileEncoding = 4; lastKnownFileType = sourcecode.c.objc; path = "UIImage+category.m"; sourceTree = "<group>"; };
		004F5DB820DFADE80054D0F6 /* UIImage+category.h */ = {isa = PBXFileReference; fileEncoding = 4; lastKnownFileType = sourcecode.c.h; path = "UIImage+category.h"; sourceTree = "<group>"; };
		004F5DBD20DFADE80054D0F6 /* UIView+Frame.m */ = {isa = PBXFileReference; fileEncoding = 4; lastKnownFileType = sourcecode.c.objc; path = "UIView+Frame.m"; sourceTree = "<group>"; };
		004F5DBE20DFADE80054D0F6 /* UIView+Frame.h */ = {isa = PBXFileReference; fileEncoding = 4; lastKnownFileType = sourcecode.c.h; path = "UIView+Frame.h"; sourceTree = "<group>"; };
		004F5DBF20DFADE80054D0F6 /* YLCategory.h */ = {isa = PBXFileReference; fileEncoding = 4; lastKnownFileType = sourcecode.c.h; path = YLCategory.h; sourceTree = "<group>"; };
		004F5DC920DFB0250054D0F6 /* UIButton+block.h */ = {isa = PBXFileReference; lastKnownFileType = sourcecode.c.h; path = "UIButton+block.h"; sourceTree = "<group>"; };
		004F5DCA20DFB0250054D0F6 /* UIButton+block.m */ = {isa = PBXFileReference; lastKnownFileType = sourcecode.c.objc; path = "UIButton+block.m"; sourceTree = "<group>"; };
		004F5DCC20DFB94D0054D0F6 /* TwoViewController.h */ = {isa = PBXFileReference; lastKnownFileType = sourcecode.c.h; path = TwoViewController.h; sourceTree = "<group>"; };
		004F5DCD20DFB94D0054D0F6 /* TwoViewController.m */ = {isa = PBXFileReference; lastKnownFileType = sourcecode.c.objc; path = TwoViewController.m; sourceTree = "<group>"; };
		004F5DD020DFC5710054D0F6 /* UIAlertController+block.h */ = {isa = PBXFileReference; lastKnownFileType = sourcecode.c.h; path = "UIAlertController+block.h"; sourceTree = "<group>"; };
		004F5DD120DFC5710054D0F6 /* UIAlertController+block.m */ = {isa = PBXFileReference; lastKnownFileType = sourcecode.c.objc; path = "UIAlertController+block.m"; sourceTree = "<group>"; };
		004F5DD520DFDCD30054D0F6 /* UIColor+category.h */ = {isa = PBXFileReference; lastKnownFileType = sourcecode.c.h; path = "UIColor+category.h"; sourceTree = "<group>"; };
		004F5DD620DFDCD30054D0F6 /* UIColor+category.m */ = {isa = PBXFileReference; lastKnownFileType = sourcecode.c.objc; path = "UIColor+category.m"; sourceTree = "<group>"; };
		004F5DD920DFE5CA0054D0F6 /* NSString+predicate.h */ = {isa = PBXFileReference; lastKnownFileType = sourcecode.c.h; path = "NSString+predicate.h"; sourceTree = "<group>"; };
		004F5DDA20DFE5CA0054D0F6 /* NSString+predicate.m */ = {isa = PBXFileReference; lastKnownFileType = sourcecode.c.objc; path = "NSString+predicate.m"; sourceTree = "<group>"; };
		0061BF7A1C4F4EF3007565C5 /* MKAnnotationView+WebCache.h */ = {isa = PBXFileReference; fileEncoding = 4; lastKnownFileType = sourcecode.c.h; path = "MKAnnotationView+WebCache.h"; sourceTree = "<group>"; };
		0061BF7B1C4F4EF3007565C5 /* MKAnnotationView+WebCache.m */ = {isa = PBXFileReference; fileEncoding = 4; lastKnownFileType = sourcecode.c.objc; path = "MKAnnotationView+WebCache.m"; sourceTree = "<group>"; };
		0061BF7C1C4F4EF3007565C5 /* NSData+ImageContentType.h */ = {isa = PBXFileReference; fileEncoding = 4; lastKnownFileType = sourcecode.c.h; path = "NSData+ImageContentType.h"; sourceTree = "<group>"; };
		0061BF7D1C4F4EF3007565C5 /* NSData+ImageContentType.m */ = {isa = PBXFileReference; fileEncoding = 4; lastKnownFileType = sourcecode.c.objc; path = "NSData+ImageContentType.m"; sourceTree = "<group>"; };
		0061BF7E1C4F4EF3007565C5 /* SDImageCache.h */ = {isa = PBXFileReference; fileEncoding = 4; lastKnownFileType = sourcecode.c.h; path = SDImageCache.h; sourceTree = "<group>"; };
		0061BF7F1C4F4EF3007565C5 /* SDImageCache.m */ = {isa = PBXFileReference; fileEncoding = 4; lastKnownFileType = sourcecode.c.objc; path = SDImageCache.m; sourceTree = "<group>"; };
		0061BF801C4F4EF3007565C5 /* SDWebImageCompat.h */ = {isa = PBXFileReference; fileEncoding = 4; lastKnownFileType = sourcecode.c.h; path = SDWebImageCompat.h; sourceTree = "<group>"; };
		0061BF811C4F4EF3007565C5 /* SDWebImageCompat.m */ = {isa = PBXFileReference; fileEncoding = 4; lastKnownFileType = sourcecode.c.objc; path = SDWebImageCompat.m; sourceTree = "<group>"; };
		0061BF821C4F4EF3007565C5 /* SDWebImageDecoder.h */ = {isa = PBXFileReference; fileEncoding = 4; lastKnownFileType = sourcecode.c.h; path = SDWebImageDecoder.h; sourceTree = "<group>"; };
		0061BF831C4F4EF3007565C5 /* SDWebImageDecoder.m */ = {isa = PBXFileReference; fileEncoding = 4; lastKnownFileType = sourcecode.c.objc; path = SDWebImageDecoder.m; sourceTree = "<group>"; };
		0061BF841C4F4EF3007565C5 /* SDWebImageDownloader.h */ = {isa = PBXFileReference; fileEncoding = 4; lastKnownFileType = sourcecode.c.h; path = SDWebImageDownloader.h; sourceTree = "<group>"; };
		0061BF851C4F4EF3007565C5 /* SDWebImageDownloader.m */ = {isa = PBXFileReference; fileEncoding = 4; lastKnownFileType = sourcecode.c.objc; path = SDWebImageDownloader.m; sourceTree = "<group>"; };
		0061BF861C4F4EF3007565C5 /* SDWebImageDownloaderOperation.h */ = {isa = PBXFileReference; fileEncoding = 4; lastKnownFileType = sourcecode.c.h; path = SDWebImageDownloaderOperation.h; sourceTree = "<group>"; };
		0061BF871C4F4EF3007565C5 /* SDWebImageDownloaderOperation.m */ = {isa = PBXFileReference; fileEncoding = 4; lastKnownFileType = sourcecode.c.objc; path = SDWebImageDownloaderOperation.m; sourceTree = "<group>"; };
		0061BF881C4F4EF3007565C5 /* SDWebImageManager.h */ = {isa = PBXFileReference; fileEncoding = 4; lastKnownFileType = sourcecode.c.h; path = SDWebImageManager.h; sourceTree = "<group>"; };
		0061BF891C4F4EF3007565C5 /* SDWebImageManager.m */ = {isa = PBXFileReference; fileEncoding = 4; lastKnownFileType = sourcecode.c.objc; path = SDWebImageManager.m; sourceTree = "<group>"; };
		0061BF8A1C4F4EF3007565C5 /* SDWebImageOperation.h */ = {isa = PBXFileReference; fileEncoding = 4; lastKnownFileType = sourcecode.c.h; path = SDWebImageOperation.h; sourceTree = "<group>"; };
		0061BF8B1C4F4EF3007565C5 /* SDWebImagePrefetcher.h */ = {isa = PBXFileReference; fileEncoding = 4; lastKnownFileType = sourcecode.c.h; path = SDWebImagePrefetcher.h; sourceTree = "<group>"; };
		0061BF8C1C4F4EF3007565C5 /* SDWebImagePrefetcher.m */ = {isa = PBXFileReference; fileEncoding = 4; lastKnownFileType = sourcecode.c.objc; path = SDWebImagePrefetcher.m; sourceTree = "<group>"; };
		0061BF8D1C4F4EF3007565C5 /* UIButton+WebCache.h */ = {isa = PBXFileReference; fileEncoding = 4; lastKnownFileType = sourcecode.c.h; path = "UIButton+WebCache.h"; sourceTree = "<group>"; };
		0061BF8E1C4F4EF3007565C5 /* UIButton+WebCache.m */ = {isa = PBXFileReference; fileEncoding = 4; lastKnownFileType = sourcecode.c.objc; path = "UIButton+WebCache.m"; sourceTree = "<group>"; };
		0061BF8F1C4F4EF3007565C5 /* UIImage+GIF.h */ = {isa = PBXFileReference; fileEncoding = 4; lastKnownFileType = sourcecode.c.h; path = "UIImage+GIF.h"; sourceTree = "<group>"; };
		0061BF901C4F4EF3007565C5 /* UIImage+GIF.m */ = {isa = PBXFileReference; fileEncoding = 4; lastKnownFileType = sourcecode.c.objc; path = "UIImage+GIF.m"; sourceTree = "<group>"; };
		0061BF911C4F4EF3007565C5 /* UIImage+MultiFormat.h */ = {isa = PBXFileReference; fileEncoding = 4; lastKnownFileType = sourcecode.c.h; path = "UIImage+MultiFormat.h"; sourceTree = "<group>"; };
		0061BF921C4F4EF3007565C5 /* UIImage+MultiFormat.m */ = {isa = PBXFileReference; fileEncoding = 4; lastKnownFileType = sourcecode.c.objc; path = "UIImage+MultiFormat.m"; sourceTree = "<group>"; };
		0061BF931C4F4EF3007565C5 /* UIImage+WebP.h */ = {isa = PBXFileReference; fileEncoding = 4; lastKnownFileType = sourcecode.c.h; path = "UIImage+WebP.h"; sourceTree = "<group>"; };
		0061BF941C4F4EF3007565C5 /* UIImage+WebP.m */ = {isa = PBXFileReference; fileEncoding = 4; lastKnownFileType = sourcecode.c.objc; path = "UIImage+WebP.m"; sourceTree = "<group>"; };
		0061BF951C4F4EF3007565C5 /* UIImageView+WebCache.h */ = {isa = PBXFileReference; fileEncoding = 4; lastKnownFileType = sourcecode.c.h; path = "UIImageView+WebCache.h"; sourceTree = "<group>"; };
		0061BF961C4F4EF3007565C5 /* UIImageView+WebCache.m */ = {isa = PBXFileReference; fileEncoding = 4; lastKnownFileType = sourcecode.c.objc; path = "UIImageView+WebCache.m"; sourceTree = "<group>"; };
		0083872020F82A62002FEE2C /* UILabel+category.m */ = {isa = PBXFileReference; fileEncoding = 4; lastKnownFileType = sourcecode.c.objc; path = "UILabel+category.m"; sourceTree = "<group>"; };
		0083872120F82A62002FEE2C /* UILabel+category.h */ = {isa = PBXFileReference; fileEncoding = 4; lastKnownFileType = sourcecode.c.h; path = "UILabel+category.h"; sourceTree = "<group>"; };
		0083872720F82FA6002FEE2C /* NSString+bounds.h */ = {isa = PBXFileReference; lastKnownFileType = sourcecode.c.h; path = "NSString+bounds.h"; sourceTree = "<group>"; };
		0083872820F82FA6002FEE2C /* NSString+bounds.m */ = {isa = PBXFileReference; lastKnownFileType = sourcecode.c.objc; path = "NSString+bounds.m"; sourceTree = "<group>"; };
/* End PBXFileReference section */

/* Begin PBXFrameworksBuildPhase section */
		0034C3C71C32E9670087DB48 /* Frameworks */ = {
			isa = PBXFrameworksBuildPhase;
			buildActionMask = 2147483647;
			files = (
			);
			runOnlyForDeploymentPostprocessing = 0;
		};
		0034C3E01C32E9670087DB48 /* Frameworks */ = {
			isa = PBXFrameworksBuildPhase;
			buildActionMask = 2147483647;
			files = (
			);
			runOnlyForDeploymentPostprocessing = 0;
		};
		0034C3EB1C32E9670087DB48 /* Frameworks */ = {
			isa = PBXFrameworksBuildPhase;
			buildActionMask = 2147483647;
			files = (
			);
			runOnlyForDeploymentPostprocessing = 0;
		};
/* End PBXFrameworksBuildPhase section */

/* Begin PBXGroup section */
		0028EFD320E5FC14005A575F /* MBProgressHUD */ = {
			isa = PBXGroup;
			children = (
				0028EFD420E5FC14005A575F /* MBProgressHUD+YL.h */,
				0028EFD520E5FC14005A575F /* MBProgressHUD+YL.m */,
			);
			path = MBProgressHUD;
			sourceTree = "<group>";
		};
		0028EFD720E5FC4B005A575F /* MBProgressHUD */ = {
			isa = PBXGroup;
			children = (
				0028EFD820E5FC4B005A575F /* MBProgressHUD.m */,
				0028EFDA20E5FC4B005A575F /* MBProgressHUD.h */,
			);
			path = MBProgressHUD;
			sourceTree = "<group>";
		};
		0034C3C11C32E9670087DB48 = {
			isa = PBXGroup;
			children = (
				0034C3CC1C32E9670087DB48 /* YLCategory */,
				0034C3E61C32E9670087DB48 /* YLCategoryTests */,
				0034C3F11C32E9670087DB48 /* YLCategoryUITests */,
				0034C3CB1C32E9670087DB48 /* Products */,
			);
			sourceTree = "<group>";
		};
		0034C3CB1C32E9670087DB48 /* Products */ = {
			isa = PBXGroup;
			children = (
				0034C3CA1C32E9670087DB48 /* YLCategory.app */,
				0034C3E31C32E9670087DB48 /* YLCategoryTests.xctest */,
				0034C3EE1C32E9670087DB48 /* YLCategoryUITests.xctest */,
			);
			name = Products;
			sourceTree = "<group>";
		};
		0034C3CC1C32E9670087DB48 /* YLCategory */ = {
			isa = PBXGroup;
			children = (
				0028EFD720E5FC4B005A575F /* MBProgressHUD */,
				004F5DB520DFADE80054D0F6 /* YLCategory */,
				0061BF791C4F4EF3007565C5 /* SDWebImage */,
				0034C3D01C32E9670087DB48 /* AppDelegate.h */,
				0034C3D11C32E9670087DB48 /* AppDelegate.m */,
				0034C3D31C32E9670087DB48 /* ViewController.h */,
				0034C3D41C32E9670087DB48 /* ViewController.m */,
				004F5DCC20DFB94D0054D0F6 /* TwoViewController.h */,
				004F5DCD20DFB94D0054D0F6 /* TwoViewController.m */,
				0034C3D61C32E9670087DB48 /* Main.storyboard */,
				0034C3D91C32E9670087DB48 /* Assets.xcassets */,
				0034C3DB1C32E9670087DB48 /* LaunchScreen.storyboard */,
				0034C3DE1C32E9670087DB48 /* Info.plist */,
				0034C3CD1C32E9670087DB48 /* Supporting Files */,
			);
			path = YLCategory;
			sourceTree = "<group>";
		};
		0034C3CD1C32E9670087DB48 /* Supporting Files */ = {
			isa = PBXGroup;
			children = (
				0034C3CE1C32E9670087DB48 /* main.m */,
			);
			name = "Supporting Files";
			sourceTree = "<group>";
		};
		0034C3E61C32E9670087DB48 /* YLCategoryTests */ = {
			isa = PBXGroup;
			children = (
				0034C3E71C32E9670087DB48 /* YLCategoryTests.m */,
				0034C3E91C32E9670087DB48 /* Info.plist */,
			);
			path = YLCategoryTests;
			sourceTree = "<group>";
		};
		0034C3F11C32E9670087DB48 /* YLCategoryUITests */ = {
			isa = PBXGroup;
			children = (
				0034C3F21C32E9670087DB48 /* YLCategoryUITests.m */,
				0034C3F41C32E9670087DB48 /* Info.plist */,
			);
			path = YLCategoryUITests;
			sourceTree = "<group>";
		};
		0035F7EC20EA12BF00E44187 /* NSDate */ = {
			isa = PBXGroup;
			children = (
				0035F7EE20EA12BF00E44187 /* NSDate+category.h */,
				0035F7ED20EA12BF00E44187 /* NSDate+category.m */,
			);
			path = NSDate;
			sourceTree = "<group>";
		};
		004F5DB520DFADE80054D0F6 /* YLCategory */ = {
			isa = PBXGroup;
			children = (
				0083871F20F82A62002FEE2C /* UILabel */,
				0035F7EC20EA12BF00E44187 /* NSDate */,
				0028EFD320E5FC14005A575F /* MBProgressHUD */,
				004F5DD820DFE5800054D0F6 /* NSString */,
				004F5DD420DFDCAD0054D0F6 /* UIColor */,
				004F5DCF20DFC54F0054D0F6 /* UIAlertController */,
				004F5DC720DFAFA50054D0F6 /* UIButton */,
				004F5DB620DFADE80054D0F6 /* UIIamge */,
				004F5DBC20DFADE80054D0F6 /* UIView */,
				004F5DBF20DFADE80054D0F6 /* YLCategory.h */,
				0028EFDE20E6007B005A575F /* PublicHeader.h */,
			);
			path = YLCategory;
			sourceTree = "<group>";
		};
		004F5DB620DFADE80054D0F6 /* UIIamge */ = {
			isa = PBXGroup;
			children = (
				004F5DB820DFADE80054D0F6 /* UIImage+category.h */,
				004F5DB720DFADE80054D0F6 /* UIImage+category.m */,
			);
			path = UIIamge;
			sourceTree = "<group>";
		};
		004F5DBC20DFADE80054D0F6 /* UIView */ = {
			isa = PBXGroup;
			children = (
				004F5DBE20DFADE80054D0F6 /* UIView+Frame.h */,
				004F5DBD20DFADE80054D0F6 /* UIView+Frame.m */,
			);
			path = UIView;
			sourceTree = "<group>";
		};
		004F5DC720DFAFA50054D0F6 /* UIButton */ = {
			isa = PBXGroup;
			children = (
				004F5DC920DFB0250054D0F6 /* UIButton+block.h */,
				004F5DCA20DFB0250054D0F6 /* UIButton+block.m */,
			);
			path = UIButton;
			sourceTree = "<group>";
		};
		004F5DCF20DFC54F0054D0F6 /* UIAlertController */ = {
			isa = PBXGroup;
			children = (
				004F5DD020DFC5710054D0F6 /* UIAlertController+block.h */,
				004F5DD120DFC5710054D0F6 /* UIAlertController+block.m */,
			);
			path = UIAlertController;
			sourceTree = "<group>";
		};
		004F5DD420DFDCAD0054D0F6 /* UIColor */ = {
			isa = PBXGroup;
			children = (
				004F5DD520DFDCD30054D0F6 /* UIColor+category.h */,
				004F5DD620DFDCD30054D0F6 /* UIColor+category.m */,
			);
			path = UIColor;
			sourceTree = "<group>";
		};
		004F5DD820DFE5800054D0F6 /* NSString */ = {
			isa = PBXGroup;
			children = (
				004F5DD920DFE5CA0054D0F6 /* NSString+predicate.h */,
				004F5DDA20DFE5CA0054D0F6 /* NSString+predicate.m */,
				0083872720F82FA6002FEE2C /* NSString+bounds.h */,
				0083872820F82FA6002FEE2C /* NSString+bounds.m */,
			);
			path = NSString;
			sourceTree = "<group>";
		};
		0061BF791C4F4EF3007565C5 /* SDWebImage */ = {
			isa = PBXGroup;
			children = (
				0061BF7A1C4F4EF3007565C5 /* MKAnnotationView+WebCache.h */,
				0061BF7B1C4F4EF3007565C5 /* MKAnnotationView+WebCache.m */,
				0061BF7C1C4F4EF3007565C5 /* NSData+ImageContentType.h */,
				0061BF7D1C4F4EF3007565C5 /* NSData+ImageContentType.m */,
				0061BF7E1C4F4EF3007565C5 /* SDImageCache.h */,
				0061BF7F1C4F4EF3007565C5 /* SDImageCache.m */,
				0061BF801C4F4EF3007565C5 /* SDWebImageCompat.h */,
				0061BF811C4F4EF3007565C5 /* SDWebImageCompat.m */,
				0061BF821C4F4EF3007565C5 /* SDWebImageDecoder.h */,
				0061BF831C4F4EF3007565C5 /* SDWebImageDecoder.m */,
				0061BF841C4F4EF3007565C5 /* SDWebImageDownloader.h */,
				0061BF851C4F4EF3007565C5 /* SDWebImageDownloader.m */,
				0061BF861C4F4EF3007565C5 /* SDWebImageDownloaderOperation.h */,
				0061BF871C4F4EF3007565C5 /* SDWebImageDownloaderOperation.m */,
				0061BF881C4F4EF3007565C5 /* SDWebImageManager.h */,
				0061BF891C4F4EF3007565C5 /* SDWebImageManager.m */,
				0061BF8A1C4F4EF3007565C5 /* SDWebImageOperation.h */,
				0061BF8B1C4F4EF3007565C5 /* SDWebImagePrefetcher.h */,
				0061BF8C1C4F4EF3007565C5 /* SDWebImagePrefetcher.m */,
				0061BF8D1C4F4EF3007565C5 /* UIButton+WebCache.h */,
				0061BF8E1C4F4EF3007565C5 /* UIButton+WebCache.m */,
				0061BF8F1C4F4EF3007565C5 /* UIImage+GIF.h */,
				0061BF901C4F4EF3007565C5 /* UIImage+GIF.m */,
				0061BF911C4F4EF3007565C5 /* UIImage+MultiFormat.h */,
				0061BF921C4F4EF3007565C5 /* UIImage+MultiFormat.m */,
				0061BF931C4F4EF3007565C5 /* UIImage+WebP.h */,
				0061BF941C4F4EF3007565C5 /* UIImage+WebP.m */,
				0061BF951C4F4EF3007565C5 /* UIImageView+WebCache.h */,
				0061BF961C4F4EF3007565C5 /* UIImageView+WebCache.m */,
			);
			path = SDWebImage;
			sourceTree = "<group>";
		};
		0083871F20F82A62002FEE2C /* UILabel */ = {
			isa = PBXGroup;
			children = (
				0083872120F82A62002FEE2C /* UILabel+category.h */,
				0083872020F82A62002FEE2C /* UILabel+category.m */,
			);
			path = UILabel;
			sourceTree = "<group>";
		};
/* End PBXGroup section */

/* Begin PBXNativeTarget section */
		0034C3C91C32E9670087DB48 /* YLCategory */ = {
			isa = PBXNativeTarget;
			buildConfigurationList = 0034C3F71C32E9670087DB48 /* Build configuration list for PBXNativeTarget "YLCategory" */;
			buildPhases = (
				0034C3C61C32E9670087DB48 /* Sources */,
				0034C3C71C32E9670087DB48 /* Frameworks */,
				0034C3C81C32E9670087DB48 /* Resources */,
			);
			buildRules = (
			);
			dependencies = (
			);
			name = YLCategory;
			productName = YLCategory;
			productReference = 0034C3CA1C32E9670087DB48 /* YLCategory.app */;
			productType = "com.apple.product-type.application";
		};
		0034C3E21C32E9670087DB48 /* YLCategoryTests */ = {
			isa = PBXNativeTarget;
			buildConfigurationList = 0034C3FA1C32E9670087DB48 /* Build configuration list for PBXNativeTarget "YLCategoryTests" */;
			buildPhases = (
				0034C3DF1C32E9670087DB48 /* Sources */,
				0034C3E01C32E9670087DB48 /* Frameworks */,
				0034C3E11C32E9670087DB48 /* Resources */,
			);
			buildRules = (
			);
			dependencies = (
				0034C3E51C32E9670087DB48 /* PBXTargetDependency */,
			);
			name = YLCategoryTests;
			productName = YLCategoryTests;
			productReference = 0034C3E31C32E9670087DB48 /* YLCategoryTests.xctest */;
			productType = "com.apple.product-type.bundle.unit-test";
		};
		0034C3ED1C32E9670087DB48 /* YLCategoryUITests */ = {
			isa = PBXNativeTarget;
			buildConfigurationList = 0034C3FD1C32E9670087DB48 /* Build configuration list for PBXNativeTarget "YLCategoryUITests" */;
			buildPhases = (
				0034C3EA1C32E9670087DB48 /* Sources */,
				0034C3EB1C32E9670087DB48 /* Frameworks */,
				0034C3EC1C32E9670087DB48 /* Resources */,
			);
			buildRules = (
			);
			dependencies = (
				0034C3F01C32E9670087DB48 /* PBXTargetDependency */,
			);
			name = YLCategoryUITests;
			productName = YLCategoryUITests;
			productReference = 0034C3EE1C32E9670087DB48 /* YLCategoryUITests.xctest */;
			productType = "com.apple.product-type.bundle.ui-testing";
		};
/* End PBXNativeTarget section */

/* Begin PBXProject section */
		0034C3C21C32E9670087DB48 /* Project object */ = {
			isa = PBXProject;
			attributes = {
				LastUpgradeCheck = 0940;
				ORGANIZATIONNAME = WYL;
				TargetAttributes = {
					0034C3C91C32E9670087DB48 = {
						CreatedOnToolsVersion = 7.1.1;
						DevelopmentTeam = 87LJF62PN6;
					};
					0034C3E21C32E9670087DB48 = {
						CreatedOnToolsVersion = 7.1.1;
						DevelopmentTeam = 87LJF62PN6;
						TestTargetID = 0034C3C91C32E9670087DB48;
					};
					0034C3ED1C32E9670087DB48 = {
						CreatedOnToolsVersion = 7.1.1;
						DevelopmentTeam = 87LJF62PN6;
						TestTargetID = 0034C3C91C32E9670087DB48;
					};
				};
			};
			buildConfigurationList = 0034C3C51C32E9670087DB48 /* Build configuration list for PBXProject "YLCategory" */;
			compatibilityVersion = "Xcode 3.2";
			developmentRegion = English;
			hasScannedForEncodings = 0;
			knownRegions = (
				en,
				Base,
			);
			mainGroup = 0034C3C11C32E9670087DB48;
			productRefGroup = 0034C3CB1C32E9670087DB48 /* Products */;
			projectDirPath = "";
			projectRoot = "";
			targets = (
				0034C3C91C32E9670087DB48 /* YLCategory */,
				0034C3E21C32E9670087DB48 /* YLCategoryTests */,
				0034C3ED1C32E9670087DB48 /* YLCategoryUITests */,
			);
		};
/* End PBXProject section */

/* Begin PBXResourcesBuildPhase section */
		0034C3C81C32E9670087DB48 /* Resources */ = {
			isa = PBXResourcesBuildPhase;
			buildActionMask = 2147483647;
			files = (
				0034C3DD1C32E9670087DB48 /* LaunchScreen.storyboard in Resources */,
				0034C3DA1C32E9670087DB48 /* Assets.xcassets in Resources */,
				0034C3D81C32E9670087DB48 /* Main.storyboard in Resources */,
			);
			runOnlyForDeploymentPostprocessing = 0;
		};
		0034C3E11C32E9670087DB48 /* Resources */ = {
			isa = PBXResourcesBuildPhase;
			buildActionMask = 2147483647;
			files = (
			);
			runOnlyForDeploymentPostprocessing = 0;
		};
		0034C3EC1C32E9670087DB48 /* Resources */ = {
			isa = PBXResourcesBuildPhase;
			buildActionMask = 2147483647;
			files = (
			);
			runOnlyForDeploymentPostprocessing = 0;
		};
/* End PBXResourcesBuildPhase section */

/* Begin PBXSourcesBuildPhase section */
		0034C3C61C32E9670087DB48 /* Sources */ = {
			isa = PBXSourcesBuildPhase;
			buildActionMask = 2147483647;
			files = (
				0061BFA31C4F4EF3007565C5 /* UIImage+WebP.m in Sources */,
				0061BF9F1C4F4EF3007565C5 /* SDWebImagePrefetcher.m in Sources */,
				0035F7EF20EA12BF00E44187 /* NSDate+category.m in Sources */,
				0061BF9B1C4F4EF3007565C5 /* SDWebImageDecoder.m in Sources */,
				0061BF9C1C4F4EF3007565C5 /* SDWebImageDownloader.m in Sources */,
				0034C3D51C32E9670087DB48 /* ViewController.m in Sources */,
				004F5DD720DFDCD30054D0F6 /* UIColor+category.m in Sources */,
				004F5DD220DFC5710054D0F6 /* UIAlertController+block.m in Sources */,
				0061BF9E1C4F4EF3007565C5 /* SDWebImageManager.m in Sources */,
				0061BFA01C4F4EF3007565C5 /* UIButton+WebCache.m in Sources */,
				0028EFDC20E5FC4B005A575F /* MBProgressHUD.m in Sources */,
				004F5DC020DFADE80054D0F6 /* UIImage+category.m in Sources */,
				0083872220F82A62002FEE2C /* UILabel+category.m in Sources */,
				004F5DC220DFADE80054D0F6 /* UIView+Frame.m in Sources */,
				0028EFD620E5FC14005A575F /* MBProgressHUD+YL.m in Sources */,
				0061BFA21C4F4EF3007565C5 /* UIImage+MultiFormat.m in Sources */,
				0061BFA41C4F4EF3007565C5 /* UIImageView+WebCache.m in Sources */,
				004F5DCE20DFB94D0054D0F6 /* TwoViewController.m in Sources */,
				004F5DCB20DFB0250054D0F6 /* UIButton+block.m in Sources */,
				0034C3D21C32E9670087DB48 /* AppDelegate.m in Sources */,
				0061BF9D1C4F4EF3007565C5 /* SDWebImageDownloaderOperation.m in Sources */,
				0061BFA11C4F4EF3007565C5 /* UIImage+GIF.m in Sources */,
				0061BF9A1C4F4EF3007565C5 /* SDWebImageCompat.m in Sources */,
				004F5DDB20DFE5CA0054D0F6 /* NSString+predicate.m in Sources */,
				0061BF981C4F4EF3007565C5 /* NSData+ImageContentType.m in Sources */,
				0083872920F82FA6002FEE2C /* NSString+bounds.m in Sources */,
				0034C3CF1C32E9670087DB48 /* main.m in Sources */,
				0061BF971C4F4EF3007565C5 /* MKAnnotationView+WebCache.m in Sources */,
				0061BF991C4F4EF3007565C5 /* SDImageCache.m in Sources */,
			);
			runOnlyForDeploymentPostprocessing = 0;
		};
		0034C3DF1C32E9670087DB48 /* Sources */ = {
			isa = PBXSourcesBuildPhase;
			buildActionMask = 2147483647;
			files = (
				0034C3E81C32E9670087DB48 /* YLCategoryTests.m in Sources */,
			);
			runOnlyForDeploymentPostprocessing = 0;
		};
		0034C3EA1C32E9670087DB48 /* Sources */ = {
			isa = PBXSourcesBuildPhase;
			buildActionMask = 2147483647;
			files = (
				0034C3F31C32E9670087DB48 /* YLCategoryUITests.m in Sources */,
			);
			runOnlyForDeploymentPostprocessing = 0;
		};
/* End PBXSourcesBuildPhase section */

/* Begin PBXTargetDependency section */
		0034C3E51C32E9670087DB48 /* PBXTargetDependency */ = {
			isa = PBXTargetDependency;
			target = 0034C3C91C32E9670087DB48 /* YLCategory */;
			targetProxy = 0034C3E41C32E9670087DB48 /* PBXContainerItemProxy */;
		};
		0034C3F01C32E9670087DB48 /* PBXTargetDependency */ = {
			isa = PBXTargetDependency;
			target = 0034C3C91C32E9670087DB48 /* YLCategory */;
			targetProxy = 0034C3EF1C32E9670087DB48 /* PBXContainerItemProxy */;
		};
/* End PBXTargetDependency section */

/* Begin PBXVariantGroup section */
		0034C3D61C32E9670087DB48 /* Main.storyboard */ = {
			isa = PBXVariantGroup;
			children = (
				0034C3D71C32E9670087DB48 /* Base */,
			);
			name = Main.storyboard;
			sourceTree = "<group>";
		};
		0034C3DB1C32E9670087DB48 /* LaunchScreen.storyboard */ = {
			isa = PBXVariantGroup;
			children = (
				0034C3DC1C32E9670087DB48 /* Base */,
			);
			name = LaunchScreen.storyboard;
			sourceTree = "<group>";
		};
/* End PBXVariantGroup section */

/* Begin XCBuildConfiguration section */
		0034C3F51C32E9670087DB48 /* Debug */ = {
			isa = XCBuildConfiguration;
			buildSettings = {
				ALWAYS_SEARCH_USER_PATHS = NO;
				CLANG_CXX_LANGUAGE_STANDARD = "gnu++0x";
				CLANG_CXX_LIBRARY = "libc++";
				CLANG_ENABLE_MODULES = YES;
				CLANG_ENABLE_OBJC_ARC = YES;
				CLANG_WARN_BLOCK_CAPTURE_AUTORELEASING = YES;
				CLANG_WARN_BOOL_CONVERSION = YES;
				CLANG_WARN_COMMA = YES;
				CLANG_WARN_CONSTANT_CONVERSION = YES;
				CLANG_WARN_DEPRECATED_OBJC_IMPLEMENTATIONS = YES;
				CLANG_WARN_DIRECT_OBJC_ISA_USAGE = YES_ERROR;
				CLANG_WARN_EMPTY_BODY = YES;
				CLANG_WARN_ENUM_CONVERSION = YES;
				CLANG_WARN_INFINITE_RECURSION = YES;
				CLANG_WARN_INT_CONVERSION = YES;
				CLANG_WARN_NON_LITERAL_NULL_CONVERSION = YES;
				CLANG_WARN_OBJC_IMPLICIT_RETAIN_SELF = YES;
				CLANG_WARN_OBJC_LITERAL_CONVERSION = YES;
				CLANG_WARN_OBJC_ROOT_CLASS = YES_ERROR;
				CLANG_WARN_RANGE_LOOP_ANALYSIS = YES;
				CLANG_WARN_STRICT_PROTOTYPES = YES;
				CLANG_WARN_SUSPICIOUS_MOVE = YES;
				CLANG_WARN_UNREACHABLE_CODE = YES;
				CLANG_WARN__DUPLICATE_METHOD_MATCH = YES;
				"CODE_SIGN_IDENTITY[sdk=iphoneos*]" = "iPhone Developer";
				COPY_PHASE_STRIP = NO;
				DEBUG_INFORMATION_FORMAT = dwarf;
				ENABLE_STRICT_OBJC_MSGSEND = YES;
				ENABLE_TESTABILITY = YES;
				GCC_C_LANGUAGE_STANDARD = gnu99;
				GCC_DYNAMIC_NO_PIC = NO;
				GCC_NO_COMMON_BLOCKS = YES;
				GCC_OPTIMIZATION_LEVEL = 0;
				GCC_PREPROCESSOR_DEFINITIONS = (
					"DEBUG=1",
					"$(inherited)",
				);
				GCC_WARN_64_TO_32_BIT_CONVERSION = YES;
				GCC_WARN_ABOUT_RETURN_TYPE = YES_ERROR;
				GCC_WARN_UNDECLARED_SELECTOR = YES;
				GCC_WARN_UNINITIALIZED_AUTOS = YES_AGGRESSIVE;
				GCC_WARN_UNUSED_FUNCTION = YES;
				GCC_WARN_UNUSED_VARIABLE = YES;
				IPHONEOS_DEPLOYMENT_TARGET = 8.0;
				MTL_ENABLE_DEBUG_INFO = YES;
				ONLY_ACTIVE_ARCH = YES;
				SDKROOT = iphoneos;
				TARGETED_DEVICE_FAMILY = "1,2";
			};
			name = Debug;
		};
		0034C3F61C32E9670087DB48 /* Release */ = {
			isa = XCBuildConfiguration;
			buildSettings = {
				ALWAYS_SEARCH_USER_PATHS = NO;
				CLANG_CXX_LANGUAGE_STANDARD = "gnu++0x";
				CLANG_CXX_LIBRARY = "libc++";
				CLANG_ENABLE_MODULES = YES;
				CLANG_ENABLE_OBJC_ARC = YES;
				CLANG_WARN_BLOCK_CAPTURE_AUTORELEASING = YES;
				CLANG_WARN_BOOL_CONVERSION = YES;
				CLANG_WARN_COMMA = YES;
				CLANG_WARN_CONSTANT_CONVERSION = YES;
				CLANG_WARN_DEPRECATED_OBJC_IMPLEMENTATIONS = YES;
				CLANG_WARN_DIRECT_OBJC_ISA_USAGE = YES_ERROR;
				CLANG_WARN_EMPTY_BODY = YES;
				CLANG_WARN_ENUM_CONVERSION = YES;
				CLANG_WARN_INFINITE_RECURSION = YES;
				CLANG_WARN_INT_CONVERSION = YES;
				CLANG_WARN_NON_LITERAL_NULL_CONVERSION = YES;
				CLANG_WARN_OBJC_IMPLICIT_RETAIN_SELF = YES;
				CLANG_WARN_OBJC_LITERAL_CONVERSION = YES;
				CLANG_WARN_OBJC_ROOT_CLASS = YES_ERROR;
				CLANG_WARN_RANGE_LOOP_ANALYSIS = YES;
				CLANG_WARN_STRICT_PROTOTYPES = YES;
				CLANG_WARN_SUSPICIOUS_MOVE = YES;
				CLANG_WARN_UNREACHABLE_CODE = YES;
				CLANG_WARN__DUPLICATE_METHOD_MATCH = YES;
				"CODE_SIGN_IDENTITY[sdk=iphoneos*]" = "iPhone Developer";
				COPY_PHASE_STRIP = NO;
				DEBUG_INFORMATION_FORMAT = "dwarf-with-dsym";
				ENABLE_NS_ASSERTIONS = NO;
				ENABLE_STRICT_OBJC_MSGSEND = YES;
				GCC_C_LANGUAGE_STANDARD = gnu99;
				GCC_NO_COMMON_BLOCKS = YES;
				GCC_WARN_64_TO_32_BIT_CONVERSION = YES;
				GCC_WARN_ABOUT_RETURN_TYPE = YES_ERROR;
				GCC_WARN_UNDECLARED_SELECTOR = YES;
				GCC_WARN_UNINITIALIZED_AUTOS = YES_AGGRESSIVE;
				GCC_WARN_UNUSED_FUNCTION = YES;
				GCC_WARN_UNUSED_VARIABLE = YES;
				IPHONEOS_DEPLOYMENT_TARGET = 8.0;
				MTL_ENABLE_DEBUG_INFO = NO;
				SDKROOT = iphoneos;
				TARGETED_DEVICE_FAMILY = "1,2";
				VALIDATE_PRODUCT = YES;
			};
			name = Release;
		};
		0034C3F81C32E9670087DB48 /* Debug */ = {
			isa = XCBuildConfiguration;
			buildSettings = {
				ASSETCATALOG_COMPILER_APPICON_NAME = AppIcon;
				INFOPLIST_FILE = YLCategory/Info.plist;
				LD_RUNPATH_SEARCH_PATHS = "$(inherited) @executable_path/Frameworks";
				PRODUCT_BUNDLE_IDENTIFIER = "--wyl.YLCategory";
				PRODUCT_NAME = "$(TARGET_NAME)";
			};
			name = Debug;
		};
		0034C3F91C32E9670087DB48 /* Release */ = {
			isa = XCBuildConfiguration;
			buildSettings = {
				ASSETCATALOG_COMPILER_APPICON_NAME = AppIcon;
				INFOPLIST_FILE = YLCategory/Info.plist;
				LD_RUNPATH_SEARCH_PATHS = "$(inherited) @executable_path/Frameworks";
				PRODUCT_BUNDLE_IDENTIFIER = "--wyl.YLCategory";
				PRODUCT_NAME = "$(TARGET_NAME)";
			};
			name = Release;
		};
		0034C3FB1C32E9670087DB48 /* Debug */ = {
			isa = XCBuildConfiguration;
			buildSettings = {
				BUNDLE_LOADER = "$(TEST_HOST)";
				INFOPLIST_FILE = YLCategoryTests/Info.plist;
				LD_RUNPATH_SEARCH_PATHS = "$(inherited) @executable_path/Frameworks @loader_path/Frameworks";
				PRODUCT_BUNDLE_IDENTIFIER = "--wyl.YLCategoryTests";
				PRODUCT_NAME = "$(TARGET_NAME)";
				TEST_HOST = "$(BUILT_PRODUCTS_DIR)/YLCategory.app/YLCategory";
			};
			name = Debug;
		};
		0034C3FC1C32E9670087DB48 /* Release */ = {
			isa = XCBuildConfiguration;
			buildSettings = {
				BUNDLE_LOADER = "$(TEST_HOST)";
				INFOPLIST_FILE = YLCategoryTests/Info.plist;
				LD_RUNPATH_SEARCH_PATHS = "$(inherited) @executable_path/Frameworks @loader_path/Frameworks";
				PRODUCT_BUNDLE_IDENTIFIER = "--wyl.YLCategoryTests";
				PRODUCT_NAME = "$(TARGET_NAME)";
				TEST_HOST = "$(BUILT_PRODUCTS_DIR)/YLCategory.app/YLCategory";
			};
			name = Release;
		};
		0034C3FE1C32E9670087DB48 /* Debug */ = {
			isa = XCBuildConfiguration;
			buildSettings = {
				INFOPLIST_FILE = YLCategoryUITests/Info.plist;
				LD_RUNPATH_SEARCH_PATHS = "$(inherited) @executable_path/Frameworks @loader_path/Frameworks";
				PRODUCT_BUNDLE_IDENTIFIER = "--wyl.YLCategoryUITests";
				PRODUCT_NAME = "$(TARGET_NAME)";
				TEST_TARGET_NAME = YLCategory;
				USES_XCTRUNNER = YES;
			};
			name = Debug;
		};
		0034C3FF1C32E9670087DB48 /* Release */ = {
			isa = XCBuildConfiguration;
			buildSettings = {
				INFOPLIST_FILE = YLCategoryUITests/Info.plist;
				LD_RUNPATH_SEARCH_PATHS = "$(inherited) @executable_path/Frameworks @loader_path/Frameworks";
				PRODUCT_BUNDLE_IDENTIFIER = "--wyl.YLCategoryUITests";
				PRODUCT_NAME = "$(TARGET_NAME)";
				TEST_TARGET_NAME = YLCategory;
				USES_XCTRUNNER = YES;
			};
			name = Release;
		};
/* End XCBuildConfiguration section */

/* Begin XCConfigurationList section */
		0034C3C51C32E9670087DB48 /* Build configuration list for PBXProject "YLCategory" */ = {
			isa = XCConfigurationList;
			buildConfigurations = (
				0034C3F51C32E9670087DB48 /* Debug */,
				0034C3F61C32E9670087DB48 /* Release */,
			);
			defaultConfigurationIsVisible = 0;
			defaultConfigurationName = Release;
		};
		0034C3F71C32E9670087DB48 /* Build configuration list for PBXNativeTarget "YLCategory" */ = {
			isa = XCConfigurationList;
			buildConfigurations = (
				0034C3F81C32E9670087DB48 /* Debug */,
				0034C3F91C32E9670087DB48 /* Release */,
			);
			defaultConfigurationIsVisible = 0;
			defaultConfigurationName = Release;
		};
		0034C3FA1C32E9670087DB48 /* Build configuration list for PBXNativeTarget "YLCategoryTests" */ = {
			isa = XCConfigurationList;
			buildConfigurations = (
				0034C3FB1C32E9670087DB48 /* Debug */,
				0034C3FC1C32E9670087DB48 /* Release */,
			);
			defaultConfigurationIsVisible = 0;
			defaultConfigurationName = Release;
		};
		0034C3FD1C32E9670087DB48 /* Build configuration list for PBXNativeTarget "YLCategoryUITests" */ = {
			isa = XCConfigurationList;
			buildConfigurations = (
				0034C3FE1C32E9670087DB48 /* Debug */,
				0034C3FF1C32E9670087DB48 /* Release */,
			);
			defaultConfigurationIsVisible = 0;
			defaultConfigurationName = Release;
		};
/* End XCConfigurationList section */
	};
	rootObject = 0034C3C21C32E9670087DB48 /* Project object */;
}
