// !$*UTF8*$!
{
	archiveVersion = 1;
	classes = {
	};
	objectVersion = 46;
	objects = {

/* Begin PBXBuildFile section */
		0034C3E81C32E9670087DB48 /* YLCategoryTests.m in Sources */ = {isa = PBXBuildFile; fileRef = 0034C3E71C32E9670087DB48 /* YLCategoryTests.m */; };
		0034C3F31C32E9670087DB48 /* YLCategoryUITests.m in Sources */ = {isa = PBXBuildFile; fileRef = 0034C3F21C32E9670087DB48 /* YLCategoryUITests.m */; };
		00AAFD0B2186DCE900038A34 /* NSString+secret.m in Sources */ = {isa = PBXBuildFile; fileRef = 00AAFD0A2186DCE900038A34 /* NSString+secret.m */; };
		00C9FE972125B4530027069C /* Assets.xcassets in Resources */ = {isa = PBXBuildFile; fileRef = 00C9FE3F2125B4530027069C /* Assets.xcassets */; };
		00C9FE982125B4530027069C /* ViewController.m in Sources */ = {isa = PBXBuildFile; fileRef = 00C9FE402125B4530027069C /* ViewController.m */; };
		00C9FE992125B4530027069C /* LaunchScreen.storyboard in Resources */ = {isa = PBXBuildFile; fileRef = 00C9FE412125B4530027069C /* LaunchScreen.storyboard */; };
		00C9FE9A2125B4530027069C /* Main.storyboard in Resources */ = {isa = PBXBuildFile; fileRef = 00C9FE432125B4530027069C /* Main.storyboard */; };
		00C9FE9B2125B4530027069C /* TwoViewController.m in Sources */ = {isa = PBXBuildFile; fileRef = 00C9FE452125B4530027069C /* TwoViewController.m */; };
		00C9FE9C2125B4530027069C /* main.m in Sources */ = {isa = PBXBuildFile; fileRef = 00C9FE462125B4530027069C /* main.m */; };
		00C9FE9D2125B4530027069C /* AppDelegate.m in Sources */ = {isa = PBXBuildFile; fileRef = 00C9FE472125B4530027069C /* AppDelegate.m */; };
		00C9FE9E2125B4530027069C /* icon_selected@2x.png in Resources */ = {isa = PBXBuildFile; fileRef = 00C9FE482125B4530027069C /* icon_selected@2x.png */; };
		00C9FE9F2125B4530027069C /* UIImage+WebP.m in Sources */ = {isa = PBXBuildFile; fileRef = 00C9FE4A2125B4530027069C /* UIImage+WebP.m */; };
		00C9FEA02125B4530027069C /* MKAnnotationView+WebCache.m in Sources */ = {isa = PBXBuildFile; fileRef = 00C9FE4B2125B4530027069C /* MKAnnotationView+WebCache.m */; };
		00C9FEA12125B4530027069C /* SDWebImageManager.m in Sources */ = {isa = PBXBuildFile; fileRef = 00C9FE4E2125B4530027069C /* SDWebImageManager.m */; };
		00C9FEA22125B4530027069C /* SDWebImageDecoder.m in Sources */ = {isa = PBXBuildFile; fileRef = 00C9FE4F2125B4530027069C /* SDWebImageDecoder.m */; };
		00C9FEA32125B4530027069C /* SDWebImageDownloader.m in Sources */ = {isa = PBXBuildFile; fileRef = 00C9FE522125B4530027069C /* SDWebImageDownloader.m */; };
		00C9FEA42125B4530027069C /* UIImage+GIF.m in Sources */ = {isa = PBXBuildFile; fileRef = 00C9FE532125B4530027069C /* UIImage+GIF.m */; };
		00C9FEA52125B4530027069C /* UIImage+MultiFormat.m in Sources */ = {isa = PBXBuildFile; fileRef = 00C9FE552125B4530027069C /* UIImage+MultiFormat.m */; };
		00C9FEA62125B4530027069C /* SDWebImageCompat.m in Sources */ = {isa = PBXBuildFile; fileRef = 00C9FE562125B4530027069C /* SDWebImageCompat.m */; };
		00C9FEA72125B4530027069C /* SDWebImagePrefetcher.m in Sources */ = {isa = PBXBuildFile; fileRef = 00C9FE572125B4530027069C /* SDWebImagePrefetcher.m */; };
		00C9FEA82125B4530027069C /* SDImageCache.m in Sources */ = {isa = PBXBuildFile; fileRef = 00C9FE5A2125B4530027069C /* SDImageCache.m */; };
		00C9FEA92125B4530027069C /* SDWebImageDownloaderOperation.m in Sources */ = {isa = PBXBuildFile; fileRef = 00C9FE5B2125B4530027069C /* SDWebImageDownloaderOperation.m */; };
		00C9FEAA2125B4530027069C /* NSData+ImageContentType.m in Sources */ = {isa = PBXBuildFile; fileRef = 00C9FE5E2125B4530027069C /* NSData+ImageContentType.m */; };
		00C9FEAB2125B4530027069C /* UIImageView+WebCache.m in Sources */ = {isa = PBXBuildFile; fileRef = 00C9FE5F2125B4530027069C /* UIImageView+WebCache.m */; };
		00C9FEAC2125B4530027069C /* UIButton+WebCache.m in Sources */ = {isa = PBXBuildFile; fileRef = 00C9FE652125B4530027069C /* UIButton+WebCache.m */; };
		00C9FEAE2125B4530027069C /* UIImage+category.m in Sources */ = {isa = PBXBuildFile; fileRef = 00C9FE6C2125B4530027069C /* UIImage+category.m */; };
		00C9FEAF2125B4530027069C /* UILabel+category.m in Sources */ = {isa = PBXBuildFile; fileRef = 00C9FE6F2125B4530027069C /* UILabel+category.m */; };
		00C9FEB02125B4530027069C /* UIButton+block.m in Sources */ = {isa = PBXBuildFile; fileRef = 00C9FE722125B4530027069C /* UIButton+block.m */; };
		00C9FEB12125B4530027069C /* UIColor+category.m in Sources */ = {isa = PBXBuildFile; fileRef = 00C9FE762125B4530027069C /* UIColor+category.m */; };
		00C9FEB22125B4530027069C /* UIAlertController+block.m in Sources */ = {isa = PBXBuildFile; fileRef = 00C9FE782125B4530027069C /* UIAlertController+block.m */; };
		00C9FEB32125B4530027069C /* UIView+Frame.m in Sources */ = {isa = PBXBuildFile; fileRef = 00C9FE7B2125B4530027069C /* UIView+Frame.m */; };
		00C9FEB42125B4530027069C /* UIView+gesture.m in Sources */ = {isa = PBXBuildFile; fileRef = 00C9FE7D2125B4530027069C /* UIView+gesture.m */; };
		00C9FEB62125B4530027069C /* NSString+bounds.m in Sources */ = {isa = PBXBuildFile; fileRef = 00C9FE852125B4530027069C /* NSString+bounds.m */; };
		00C9FEB72125B4530027069C /* NSString+predicate.m in Sources */ = {isa = PBXBuildFile; fileRef = 00C9FE862125B4530027069C /* NSString+predicate.m */; };
		00C9FEB82125B4530027069C /* UIControl+category.m in Sources */ = {isa = PBXBuildFile; fileRef = 00C9FE882125B4530027069C /* UIControl+category.m */; };
		00C9FEBA2125B4530027069C /* MBProgressHUD+YL.m in Sources */ = {isa = PBXBuildFile; fileRef = 00C9FE8E2125B4530027069C /* MBProgressHUD+YL.m */; };
		00C9FEBB2125B4530027069C /* MBProgressHUD.bundle in Resources */ = {isa = PBXBuildFile; fileRef = 00C9FE8F2125B4530027069C /* MBProgressHUD.bundle */; };
		00C9FEBC2125B4530027069C /* NSObject+category.m in Sources */ = {isa = PBXBuildFile; fileRef = 00C9FE922125B4530027069C /* NSObject+category.m */; };
		00C9FEBD2125B4530027069C /* NSDate+category.m in Sources */ = {isa = PBXBuildFile; fileRef = 00C9FE952125B4530027069C /* NSDate+category.m */; };
		00C9FF02212651CD0027069C /* XcodeLog.m in Sources */ = {isa = PBXBuildFile; fileRef = 00C9FF00212651CD0027069C /* XcodeLog.m */; };
		068A71FD5883DFA5ED5289EE /* libPods-YLCategory.a in Frameworks */ = {isa = PBXBuildFile; fileRef = E018464B3D32F11DC8E02AFE /* libPods-YLCategory.a */; };
/* End PBXBuildFile section */

/* Begin PBXContainerItemProxy section */
		0034C3E41C32E9670087DB48 /* PBXContainerItemProxy */ = {
			isa = PBXContainerItemProxy;
			containerPortal = 0034C3C21C32E9670087DB48 /* Project object */;
			proxyType = 1;
			remoteGlobalIDString = 0034C3C91C32E9670087DB48;
			remoteInfo = YLCategory;
		};
		0034C3EF1C32E9670087DB48 /* PBXContainerItemProxy */ = {
			isa = PBXContainerItemProxy;
			containerPortal = 0034C3C21C32E9670087DB48 /* Project object */;
			proxyType = 1;
			remoteGlobalIDString = 0034C3C91C32E9670087DB48;
			remoteInfo = YLCategory;
		};
/* End PBXContainerItemProxy section */

/* Begin PBXFileReference section */
		0034C3CA1C32E9670087DB48 /* YLCategory.app */ = {isa = PBXFileReference; explicitFileType = wrapper.application; includeInIndex = 0; path = YLCategory.app; sourceTree = BUILT_PRODUCTS_DIR; };
		0034C3E31C32E9670087DB48 /* YLCategoryTests.xctest */ = {isa = PBXFileReference; explicitFileType = wrapper.cfbundle; includeInIndex = 0; path = YLCategoryTests.xctest; sourceTree = BUILT_PRODUCTS_DIR; };
		0034C3E71C32E9670087DB48 /* YLCategoryTests.m */ = {isa = PBXFileReference; lastKnownFileType = sourcecode.c.objc; path = YLCategoryTests.m; sourceTree = "<group>"; };
		0034C3E91C32E9670087DB48 /* Info.plist */ = {isa = PBXFileReference; lastKnownFileType = text.plist.xml; path = Info.plist; sourceTree = "<group>"; };
		0034C3EE1C32E9670087DB48 /* YLCategoryUITests.xctest */ = {isa = PBXFileReference; explicitFileType = wrapper.cfbundle; includeInIndex = 0; path = YLCategoryUITests.xctest; sourceTree = BUILT_PRODUCTS_DIR; };
		0034C3F21C32E9670087DB48 /* YLCategoryUITests.m */ = {isa = PBXFileReference; lastKnownFileType = sourcecode.c.objc; path = YLCategoryUITests.m; sourceTree = "<group>"; };
		0034C3F41C32E9670087DB48 /* Info.plist */ = {isa = PBXFileReference; lastKnownFileType = text.plist.xml; path = Info.plist; sourceTree = "<group>"; };
		00AAFD092186DCE900038A34 /* NSString+secret.h */ = {isa = PBXFileReference; lastKnownFileType = sourcecode.c.h; path = "NSString+secret.h"; sourceTree = "<group>"; };
		00AAFD0A2186DCE900038A34 /* NSString+secret.m */ = {isa = PBXFileReference; lastKnownFileType = sourcecode.c.objc; path = "NSString+secret.m"; sourceTree = "<group>"; };
		00AAFD1E2188498500038A34 /* Macro.h */ = {isa = PBXFileReference; lastKnownFileType = sourcecode.c.h; path = Macro.h; sourceTree = "<group>"; };
		00C9FE3E2125B4530027069C /* AppDelegate.h */ = {isa = PBXFileReference; fileEncoding = 4; lastKnownFileType = sourcecode.c.h; path = AppDelegate.h; sourceTree = "<group>"; };
		00C9FE3F2125B4530027069C /* Assets.xcassets */ = {isa = PBXFileReference; lastKnownFileType = folder.assetcatalog; path = Assets.xcassets; sourceTree = "<group>"; };
		00C9FE402125B4530027069C /* ViewController.m */ = {isa = PBXFileReference; fileEncoding = 4; lastKnownFileType = sourcecode.c.objc; path = ViewController.m; sourceTree = "<group>"; };
		00C9FE422125B4530027069C /* Base */ = {isa = PBXFileReference; lastKnownFileType = file.storyboard; name = Base; path = Base.lproj/LaunchScreen.storyboard; sourceTree = "<group>"; };
		00C9FE442125B4530027069C /* Base */ = {isa = PBXFileReference; lastKnownFileType = file.storyboard; name = Base; path = Base.lproj/Main.storyboard; sourceTree = "<group>"; };
		00C9FE452125B4530027069C /* TwoViewController.m */ = {isa = PBXFileReference; fileEncoding = 4; lastKnownFileType = sourcecode.c.objc; path = TwoViewController.m; sourceTree = "<group>"; };
		00C9FE462125B4530027069C /* main.m */ = {isa = PBXFileReference; fileEncoding = 4; lastKnownFileType = sourcecode.c.objc; path = main.m; sourceTree = "<group>"; };
		00C9FE472125B4530027069C /* AppDelegate.m */ = {isa = PBXFileReference; fileEncoding = 4; lastKnownFileType = sourcecode.c.objc; path = AppDelegate.m; sourceTree = "<group>"; };
		00C9FE482125B4530027069C /* icon_selected@2x.png */ = {isa = PBXFileReference; lastKnownFileType = image.png; path = "icon_selected@2x.png"; sourceTree = "<group>"; };
		00C9FE4A2125B4530027069C /* UIImage+WebP.m */ = {isa = PBXFileReference; fileEncoding = 4; lastKnownFileType = sourcecode.c.objc; path = "UIImage+WebP.m"; sourceTree = "<group>"; };
		00C9FE4B2125B4530027069C /* MKAnnotationView+WebCache.m */ = {isa = PBXFileReference; fileEncoding = 4; lastKnownFileType = sourcecode.c.objc; path = "MKAnnotationView+WebCache.m"; sourceTree = "<group>"; };
		00C9FE4C2125B4530027069C /* UIImageView+WebCache.h */ = {isa = PBXFileReference; fileEncoding = 4; lastKnownFileType = sourcecode.c.h; path = "UIImageView+WebCache.h"; sourceTree = "<group>"; };
		00C9FE4D2125B4530027069C /* NSData+ImageContentType.h */ = {isa = PBXFileReference; fileEncoding = 4; lastKnownFileType = sourcecode.c.h; path = "NSData+ImageContentType.h"; sourceTree = "<group>"; };
		00C9FE4E2125B4530027069C /* SDWebImageManager.m */ = {isa = PBXFileReference; fileEncoding = 4; lastKnownFileType = sourcecode.c.objc; path = SDWebImageManager.m; sourceTree = "<group>"; };
		00C9FE4F2125B4530027069C /* SDWebImageDecoder.m */ = {isa = PBXFileReference; fileEncoding = 4; lastKnownFileType = sourcecode.c.objc; path = SDWebImageDecoder.m; sourceTree = "<group>"; };
		00C9FE502125B4530027069C /* SDWebImageDownloaderOperation.h */ = {isa = PBXFileReference; fileEncoding = 4; lastKnownFileType = sourcecode.c.h; path = SDWebImageDownloaderOperation.h; sourceTree = "<group>"; };
		00C9FE512125B4530027069C /* SDImageCache.h */ = {isa = PBXFileReference; fileEncoding = 4; lastKnownFileType = sourcecode.c.h; path = SDImageCache.h; sourceTree = "<group>"; };
		00C9FE522125B4530027069C /* SDWebImageDownloader.m */ = {isa = PBXFileReference; fileEncoding = 4; lastKnownFileType = sourcecode.c.objc; path = SDWebImageDownloader.m; sourceTree = "<group>"; };
		00C9FE532125B4530027069C /* UIImage+GIF.m */ = {isa = PBXFileReference; fileEncoding = 4; lastKnownFileType = sourcecode.c.objc; path = "UIImage+GIF.m"; sourceTree = "<group>"; };
		00C9FE542125B4530027069C /* UIButton+WebCache.h */ = {isa = PBXFileReference; fileEncoding = 4; lastKnownFileType = sourcecode.c.h; path = "UIButton+WebCache.h"; sourceTree = "<group>"; };
		00C9FE552125B4530027069C /* UIImage+MultiFormat.m */ = {isa = PBXFileReference; fileEncoding = 4; lastKnownFileType = sourcecode.c.objc; path = "UIImage+MultiFormat.m"; sourceTree = "<group>"; };
		00C9FE562125B4530027069C /* SDWebImageCompat.m */ = {isa = PBXFileReference; fileEncoding = 4; lastKnownFileType = sourcecode.c.objc; path = SDWebImageCompat.m; sourceTree = "<group>"; };
		00C9FE572125B4530027069C /* SDWebImagePrefetcher.m */ = {isa = PBXFileReference; fileEncoding = 4; lastKnownFileType = sourcecode.c.objc; path = SDWebImagePrefetcher.m; sourceTree = "<group>"; };
		00C9FE582125B4530027069C /* MKAnnotationView+WebCache.h */ = {isa = PBXFileReference; fileEncoding = 4; lastKnownFileType = sourcecode.c.h; path = "MKAnnotationView+WebCache.h"; sourceTree = "<group>"; };
		00C9FE592125B4530027069C /* UIImage+WebP.h */ = {isa = PBXFileReference; fileEncoding = 4; lastKnownFileType = sourcecode.c.h; path = "UIImage+WebP.h"; sourceTree = "<group>"; };
		00C9FE5A2125B4530027069C /* SDImageCache.m */ = {isa = PBXFileReference; fileEncoding = 4; lastKnownFileType = sourcecode.c.objc; path = SDImageCache.m; sourceTree = "<group>"; };
		00C9FE5B2125B4530027069C /* SDWebImageDownloaderOperation.m */ = {isa = PBXFileReference; fileEncoding = 4; lastKnownFileType = sourcecode.c.objc; path = SDWebImageDownloaderOperation.m; sourceTree = "<group>"; };
		00C9FE5C2125B4530027069C /* SDWebImageDecoder.h */ = {isa = PBXFileReference; fileEncoding = 4; lastKnownFileType = sourcecode.c.h; path = SDWebImageDecoder.h; sourceTree = "<group>"; };
		00C9FE5D2125B4530027069C /* SDWebImageManager.h */ = {isa = PBXFileReference; fileEncoding = 4; lastKnownFileType = sourcecode.c.h; path = SDWebImageManager.h; sourceTree = "<group>"; };
		00C9FE5E2125B4530027069C /* NSData+ImageContentType.m */ = {isa = PBXFileReference; fileEncoding = 4; lastKnownFileType = sourcecode.c.objc; path = "NSData+ImageContentType.m"; sourceTree = "<group>"; };
		00C9FE5F2125B4530027069C /* UIImageView+WebCache.m */ = {isa = PBXFileReference; fileEncoding = 4; lastKnownFileType = sourcecode.c.objc; path = "UIImageView+WebCache.m"; sourceTree = "<group>"; };
		00C9FE602125B4530027069C /* SDWebImageOperation.h */ = {isa = PBXFileReference; fileEncoding = 4; lastKnownFileType = sourcecode.c.h; path = SDWebImageOperation.h; sourceTree = "<group>"; };
		00C9FE612125B4530027069C /* SDWebImageDownloader.h */ = {isa = PBXFileReference; fileEncoding = 4; lastKnownFileType = sourcecode.c.h; path = SDWebImageDownloader.h; sourceTree = "<group>"; };
		00C9FE622125B4530027069C /* SDWebImagePrefetcher.h */ = {isa = PBXFileReference; fileEncoding = 4; lastKnownFileType = sourcecode.c.h; path = SDWebImagePrefetcher.h; sourceTree = "<group>"; };
		00C9FE632125B4530027069C /* SDWebImageCompat.h */ = {isa = PBXFileReference; fileEncoding = 4; lastKnownFileType = sourcecode.c.h; path = SDWebImageCompat.h; sourceTree = "<group>"; };
		00C9FE642125B4530027069C /* UIImage+MultiFormat.h */ = {isa = PBXFileReference; fileEncoding = 4; lastKnownFileType = sourcecode.c.h; path = "UIImage+MultiFormat.h"; sourceTree = "<group>"; };
		00C9FE652125B4530027069C /* UIButton+WebCache.m */ = {isa = PBXFileReference; fileEncoding = 4; lastKnownFileType = sourcecode.c.objc; path = "UIButton+WebCache.m"; sourceTree = "<group>"; };
		00C9FE662125B4530027069C /* UIImage+GIF.h */ = {isa = PBXFileReference; fileEncoding = 4; lastKnownFileType = sourcecode.c.h; path = "UIImage+GIF.h"; sourceTree = "<group>"; };
		00C9FE672125B4530027069C /* TwoViewController.h */ = {isa = PBXFileReference; fileEncoding = 4; lastKnownFileType = sourcecode.c.h; path = TwoViewController.h; sourceTree = "<group>"; };
		00C9FE682125B4530027069C /* Info.plist */ = {isa = PBXFileReference; fileEncoding = 4; lastKnownFileType = text.plist.xml; path = Info.plist; sourceTree = "<group>"; };
		00C9FE692125B4530027069C /* ViewController.h */ = {isa = PBXFileReference; fileEncoding = 4; lastKnownFileType = sourcecode.c.h; path = ViewController.h; sourceTree = "<group>"; };
		00C9FE6C2125B4530027069C /* UIImage+category.m */ = {isa = PBXFileReference; fileEncoding = 4; lastKnownFileType = sourcecode.c.objc; path = "UIImage+category.m"; sourceTree = "<group>"; };
		00C9FE6D2125B4530027069C /* UIImage+category.h */ = {isa = PBXFileReference; fileEncoding = 4; lastKnownFileType = sourcecode.c.h; path = "UIImage+category.h"; sourceTree = "<group>"; };
		00C9FE6F2125B4530027069C /* UILabel+category.m */ = {isa = PBXFileReference; fileEncoding = 4; lastKnownFileType = sourcecode.c.objc; path = "UILabel+category.m"; sourceTree = "<group>"; };
		00C9FE702125B4530027069C /* UILabel+category.h */ = {isa = PBXFileReference; fileEncoding = 4; lastKnownFileType = sourcecode.c.h; path = "UILabel+category.h"; sourceTree = "<group>"; };
		00C9FE722125B4530027069C /* UIButton+block.m */ = {isa = PBXFileReference; fileEncoding = 4; lastKnownFileType = sourcecode.c.objc; path = "UIButton+block.m"; sourceTree = "<group>"; };
		00C9FE732125B4530027069C /* UIButton+block.h */ = {isa = PBXFileReference; fileEncoding = 4; lastKnownFileType = sourcecode.c.h; path = "UIButton+block.h"; sourceTree = "<group>"; };
		00C9FE752125B4530027069C /* UIColor+category.h */ = {isa = PBXFileReference; fileEncoding = 4; lastKnownFileType = sourcecode.c.h; path = "UIColor+category.h"; sourceTree = "<group>"; };
		00C9FE762125B4530027069C /* UIColor+category.m */ = {isa = PBXFileReference; fileEncoding = 4; lastKnownFileType = sourcecode.c.objc; path = "UIColor+category.m"; sourceTree = "<group>"; };
		00C9FE782125B4530027069C /* UIAlertController+block.m */ = {isa = PBXFileReference; fileEncoding = 4; lastKnownFileType = sourcecode.c.objc; path = "UIAlertController+block.m"; sourceTree = "<group>"; };
		00C9FE792125B4530027069C /* UIAlertController+block.h */ = {isa = PBXFileReference; fileEncoding = 4; lastKnownFileType = sourcecode.c.h; path = "UIAlertController+block.h"; sourceTree = "<group>"; };
		00C9FE7B2125B4530027069C /* UIView+Frame.m */ = {isa = PBXFileReference; fileEncoding = 4; lastKnownFileType = sourcecode.c.objc; path = "UIView+Frame.m"; sourceTree = "<group>"; };
		00C9FE7C2125B4530027069C /* UIView+gesture.h */ = {isa = PBXFileReference; fileEncoding = 4; lastKnownFileType = sourcecode.c.h; path = "UIView+gesture.h"; sourceTree = "<group>"; };
		00C9FE7D2125B4530027069C /* UIView+gesture.m */ = {isa = PBXFileReference; fileEncoding = 4; lastKnownFileType = sourcecode.c.objc; path = "UIView+gesture.m"; sourceTree = "<group>"; };
		00C9FE7E2125B4530027069C /* UIView+Frame.h */ = {isa = PBXFileReference; fileEncoding = 4; lastKnownFileType = sourcecode.c.h; path = "UIView+Frame.h"; sourceTree = "<group>"; };
		00C9FE832125B4530027069C /* NSString+bounds.h */ = {isa = PBXFileReference; fileEncoding = 4; lastKnownFileType = sourcecode.c.h; path = "NSString+bounds.h"; sourceTree = "<group>"; };
		00C9FE842125B4530027069C /* NSString+predicate.h */ = {isa = PBXFileReference; fileEncoding = 4; lastKnownFileType = sourcecode.c.h; path = "NSString+predicate.h"; sourceTree = "<group>"; };
		00C9FE852125B4530027069C /* NSString+bounds.m */ = {isa = PBXFileReference; fileEncoding = 4; lastKnownFileType = sourcecode.c.objc; path = "NSString+bounds.m"; sourceTree = "<group>"; };
		00C9FE862125B4530027069C /* NSString+predicate.m */ = {isa = PBXFileReference; fileEncoding = 4; lastKnownFileType = sourcecode.c.objc; path = "NSString+predicate.m"; sourceTree = "<group>"; };
		00C9FE882125B4530027069C /* UIControl+category.m */ = {isa = PBXFileReference; fileEncoding = 4; lastKnownFileType = sourcecode.c.objc; path = "UIControl+category.m"; sourceTree = "<group>"; };
		00C9FE892125B4530027069C /* UIControl+category.h */ = {isa = PBXFileReference; fileEncoding = 4; lastKnownFileType = sourcecode.c.h; path = "UIControl+category.h"; sourceTree = "<group>"; };
		00C9FE8C2125B4530027069C /* MBProgressHUD+YL.h */ = {isa = PBXFileReference; fileEncoding = 4; lastKnownFileType = sourcecode.c.h; path = "MBProgressHUD+YL.h"; sourceTree = "<group>"; };
		00C9FE8E2125B4530027069C /* MBProgressHUD+YL.m */ = {isa = PBXFileReference; fileEncoding = 4; lastKnownFileType = sourcecode.c.objc; path = "MBProgressHUD+YL.m"; sourceTree = "<group>"; };
		00C9FE8F2125B4530027069C /* MBProgressHUD.bundle */ = {isa = PBXFileReference; lastKnownFileType = "wrapper.plug-in"; path = MBProgressHUD.bundle; sourceTree = "<group>"; };
		00C9FE912125B4530027069C /* NSObject+category.h */ = {isa = PBXFileReference; fileEncoding = 4; lastKnownFileType = sourcecode.c.h; path = "NSObject+category.h"; sourceTree = "<group>"; };
		00C9FE922125B4530027069C /* NSObject+category.m */ = {isa = PBXFileReference; fileEncoding = 4; lastKnownFileType = sourcecode.c.objc; path = "NSObject+category.m"; sourceTree = "<group>"; };
		00C9FE932125B4530027069C /* YLCategory.h */ = {isa = PBXFileReference; fileEncoding = 4; lastKnownFileType = sourcecode.c.h; path = YLCategory.h; sourceTree = "<group>"; };
		00C9FE952125B4530027069C /* NSDate+category.m */ = {isa = PBXFileReference; fileEncoding = 4; lastKnownFileType = sourcecode.c.objc; path = "NSDate+category.m"; sourceTree = "<group>"; };
		00C9FE962125B4530027069C /* NSDate+category.h */ = {isa = PBXFileReference; fileEncoding = 4; lastKnownFileType = sourcecode.c.h; path = "NSDate+category.h"; sourceTree = "<group>"; };
		00C9FF00212651CD0027069C /* XcodeLog.m */ = {isa = PBXFileReference; fileEncoding = 4; lastKnownFileType = sourcecode.c.objc; path = XcodeLog.m; sourceTree = "<group>"; };
		4E632D6435BE0D371DAE685A /* Pods-YLCategory.debug.xcconfig */ = {isa = PBXFileReference; includeInIndex = 1; lastKnownFileType = text.xcconfig; name = "Pods-YLCategory.debug.xcconfig"; path = "Pods/Target Support Files/Pods-YLCategory/Pods-YLCategory.debug.xcconfig"; sourceTree = "<group>"; };
		60CD04D59D2DE1950B47E505 /* Pods-YLCategory.release.xcconfig */ = {isa = PBXFileReference; includeInIndex = 1; lastKnownFileType = text.xcconfig; name = "Pods-YLCategory.release.xcconfig"; path = "Pods/Target Support Files/Pods-YLCategory/Pods-YLCategory.release.xcconfig"; sourceTree = "<group>"; };
		E018464B3D32F11DC8E02AFE /* libPods-YLCategory.a */ = {isa = PBXFileReference; explicitFileType = archive.ar; includeInIndex = 0; path = "libPods-YLCategory.a"; sourceTree = BUILT_PRODUCTS_DIR; };
/* End PBXFileReference section */

/* Begin PBXFrameworksBuildPhase section */
		0034C3C71C32E9670087DB48 /* Frameworks */ = {
			isa = PBXFrameworksBuildPhase;
			buildActionMask = 2147483647;
			files = (
				068A71FD5883DFA5ED5289EE /* libPods-YLCategory.a in Frameworks */,
			);
			runOnlyForDeploymentPostprocessing = 0;
		};
		0034C3E01C32E9670087DB48 /* Frameworks */ = {
			isa = PBXFrameworksBuildPhase;
			buildActionMask = 2147483647;
			files = (
			);
			runOnlyForDeploymentPostprocessing = 0;
		};
		0034C3EB1C32E9670087DB48 /* Frameworks */ = {
			isa = PBXFrameworksBuildPhase;
			buildActionMask = 2147483647;
			files = (
			);
			runOnlyForDeploymentPostprocessing = 0;
		};
/* End PBXFrameworksBuildPhase section */

/* Begin PBXGroup section */
		0034C3C11C32E9670087DB48 = {
			isa = PBXGroup;
			children = (
				00C9FE6A2125B4530027069C /* YLCategory */,
				00C9FE3D2125B4530027069C /* YLCategoryExample */,
				0034C3E61C32E9670087DB48 /* YLCategoryTests */,
				0034C3F11C32E9670087DB48 /* YLCategoryUITests */,
				0034C3CB1C32E9670087DB48 /* Products */,
				DF5CFDB43FFEDE9F11AB6713 /* Pods */,
				5336290D1416A4D11EFE2E89 /* Frameworks */,
			);
			sourceTree = "<group>";
		};
		0034C3CB1C32E9670087DB48 /* Products */ = {
			isa = PBXGroup;
			children = (
				0034C3CA1C32E9670087DB48 /* YLCategory.app */,
				0034C3E31C32E9670087DB48 /* YLCategoryTests.xctest */,
				0034C3EE1C32E9670087DB48 /* YLCategoryUITests.xctest */,
			);
			name = Products;
			sourceTree = "<group>";
		};
		0034C3E61C32E9670087DB48 /* YLCategoryTests */ = {
			isa = PBXGroup;
			children = (
				0034C3E71C32E9670087DB48 /* YLCategoryTests.m */,
				0034C3E91C32E9670087DB48 /* Info.plist */,
			);
			path = YLCategoryTests;
			sourceTree = "<group>";
		};
		0034C3F11C32E9670087DB48 /* YLCategoryUITests */ = {
			isa = PBXGroup;
			children = (
				0034C3F21C32E9670087DB48 /* YLCategoryUITests.m */,
				0034C3F41C32E9670087DB48 /* Info.plist */,
			);
			path = YLCategoryUITests;
			sourceTree = "<group>";
		};
		00C9FE3D2125B4530027069C /* YLCategoryExample */ = {
			isa = PBXGroup;
			children = (
				00C9FE3E2125B4530027069C /* AppDelegate.h */,
				00C9FE3F2125B4530027069C /* Assets.xcassets */,
				00C9FE402125B4530027069C /* ViewController.m */,
				00C9FE412125B4530027069C /* LaunchScreen.storyboard */,
				00C9FE432125B4530027069C /* Main.storyboard */,
				00C9FE452125B4530027069C /* TwoViewController.m */,
				00C9FE462125B4530027069C /* main.m */,
				00C9FE472125B4530027069C /* AppDelegate.m */,
				00C9FE482125B4530027069C /* icon_selected@2x.png */,
				00C9FE492125B4530027069C /* SDWebImage */,
				00C9FE672125B4530027069C /* TwoViewController.h */,
				00C9FE682125B4530027069C /* Info.plist */,
				00C9FE692125B4530027069C /* ViewController.h */,
			);
			path = YLCategoryExample;
			sourceTree = "<group>";
		};
		00C9FE492125B4530027069C /* SDWebImage */ = {
			isa = PBXGroup;
			children = (
				00C9FE4A2125B4530027069C /* UIImage+WebP.m */,
				00C9FE4B2125B4530027069C /* MKAnnotationView+WebCache.m */,
				00C9FE4C2125B4530027069C /* UIImageView+WebCache.h */,
				00C9FE4D2125B4530027069C /* NSData+ImageContentType.h */,
				00C9FE4E2125B4530027069C /* SDWebImageManager.m */,
				00C9FE4F2125B4530027069C /* SDWebImageDecoder.m */,
				00C9FE502125B4530027069C /* SDWebImageDownloaderOperation.h */,
				00C9FE512125B4530027069C /* SDImageCache.h */,
				00C9FE522125B4530027069C /* SDWebImageDownloader.m */,
				00C9FE532125B4530027069C /* UIImage+GIF.m */,
				00C9FE542125B4530027069C /* UIButton+WebCache.h */,
				00C9FE552125B4530027069C /* UIImage+MultiFormat.m */,
				00C9FE562125B4530027069C /* SDWebImageCompat.m */,
				00C9FE572125B4530027069C /* SDWebImagePrefetcher.m */,
				00C9FE582125B4530027069C /* MKAnnotationView+WebCache.h */,
				00C9FE592125B4530027069C /* UIImage+WebP.h */,
				00C9FE5A2125B4530027069C /* SDImageCache.m */,
				00C9FE5B2125B4530027069C /* SDWebImageDownloaderOperation.m */,
				00C9FE5C2125B4530027069C /* SDWebImageDecoder.h */,
				00C9FE5D2125B4530027069C /* SDWebImageManager.h */,
				00C9FE5E2125B4530027069C /* NSData+ImageContentType.m */,
				00C9FE5F2125B4530027069C /* UIImageView+WebCache.m */,
				00C9FE602125B4530027069C /* SDWebImageOperation.h */,
				00C9FE612125B4530027069C /* SDWebImageDownloader.h */,
				00C9FE622125B4530027069C /* SDWebImagePrefetcher.h */,
				00C9FE632125B4530027069C /* SDWebImageCompat.h */,
				00C9FE642125B4530027069C /* UIImage+MultiFormat.h */,
				00C9FE652125B4530027069C /* UIButton+WebCache.m */,
				00C9FE662125B4530027069C /* UIImage+GIF.h */,
			);
			path = SDWebImage;
			sourceTree = "<group>";
		};
		00C9FE6A2125B4530027069C /* YLCategory */ = {
			isa = PBXGroup;
			children = (
				00C9FE932125B4530027069C /* YLCategory.h */,
				00C9FEFF212651CD0027069C /* Others */,
				00C9FE6B2125B4530027069C /* UIIamge */,
				00C9FE6E2125B4530027069C /* UILabel */,
				00C9FE712125B4530027069C /* UIButton */,
				00C9FE742125B4530027069C /* UIColor */,
				00C9FE772125B4530027069C /* UIAlertController */,
				00C9FE7A2125B4530027069C /* UIView */,
				00C9FE822125B4530027069C /* NSString */,
				00C9FE872125B4530027069C /* UIControl */,
				00C9FE8A2125B4530027069C /* MBProgressHUD */,
				00C9FE902125B4530027069C /* NSObject */,
				00C9FE942125B4530027069C /* NSDate */,
			);
			path = YLCategory;
			sourceTree = "<group>";
		};
		00C9FE6B2125B4530027069C /* UIIamge */ = {
			isa = PBXGroup;
			children = (
				00C9FE6C2125B4530027069C /* UIImage+category.m */,
				00C9FE6D2125B4530027069C /* UIImage+category.h */,
			);
			path = UIIamge;
			sourceTree = "<group>";
		};
		00C9FE6E2125B4530027069C /* UILabel */ = {
			isa = PBXGroup;
			children = (
				00C9FE6F2125B4530027069C /* UILabel+category.m */,
				00C9FE702125B4530027069C /* UILabel+category.h */,
			);
			path = UILabel;
			sourceTree = "<group>";
		};
		00C9FE712125B4530027069C /* UIButton */ = {
			isa = PBXGroup;
			children = (
				00C9FE722125B4530027069C /* UIButton+block.m */,
				00C9FE732125B4530027069C /* UIButton+block.h */,
			);
			path = UIButton;
			sourceTree = "<group>";
		};
		00C9FE742125B4530027069C /* UIColor */ = {
			isa = PBXGroup;
			children = (
				00C9FE752125B4530027069C /* UIColor+category.h */,
				00C9FE762125B4530027069C /* UIColor+category.m */,
			);
			path = UIColor;
			sourceTree = "<group>";
		};
		00C9FE772125B4530027069C /* UIAlertController */ = {
			isa = PBXGroup;
			children = (
				00C9FE782125B4530027069C /* UIAlertController+block.m */,
				00C9FE792125B4530027069C /* UIAlertController+block.h */,
			);
			path = UIAlertController;
			sourceTree = "<group>";
		};
		00C9FE7A2125B4530027069C /* UIView */ = {
			isa = PBXGroup;
			children = (
				00C9FE7B2125B4530027069C /* UIView+Frame.m */,
				00C9FE7C2125B4530027069C /* UIView+gesture.h */,
				00C9FE7D2125B4530027069C /* UIView+gesture.m */,
				00C9FE7E2125B4530027069C /* UIView+Frame.h */,
			);
			path = UIView;
			sourceTree = "<group>";
		};
		00C9FE822125B4530027069C /* NSString */ = {
			isa = PBXGroup;
			children = (
				00C9FE842125B4530027069C /* NSString+predicate.h */,
				00C9FE862125B4530027069C /* NSString+predicate.m */,
				00C9FE832125B4530027069C /* NSString+bounds.h */,
				00C9FE852125B4530027069C /* NSString+bounds.m */,
				00AAFD092186DCE900038A34 /* NSString+secret.h */,
				00AAFD0A2186DCE900038A34 /* NSString+secret.m */,
			);
			path = NSString;
			sourceTree = "<group>";
		};
		00C9FE872125B4530027069C /* UIControl */ = {
			isa = PBXGroup;
			children = (
				00C9FE882125B4530027069C /* UIControl+category.m */,
				00C9FE892125B4530027069C /* UIControl+category.h */,
			);
			path = UIControl;
			sourceTree = "<group>";
		};
		00C9FE8A2125B4530027069C /* MBProgressHUD */ = {
			isa = PBXGroup;
			children = (
				00C9FE8C2125B4530027069C /* MBProgressHUD+YL.h */,
				00C9FE8E2125B4530027069C /* MBProgressHUD+YL.m */,
				00C9FE8F2125B4530027069C /* MBProgressHUD.bundle */,
			);
			path = MBProgressHUD;
			sourceTree = "<group>";
		};
		00C9FE902125B4530027069C /* NSObject */ = {
			isa = PBXGroup;
			children = (
				00C9FE912125B4530027069C /* NSObject+category.h */,
				00C9FE922125B4530027069C /* NSObject+category.m */,
			);
			path = NSObject;
			sourceTree = "<group>";
		};
		00C9FE942125B4530027069C /* NSDate */ = {
			isa = PBXGroup;
			children = (
				00C9FE952125B4530027069C /* NSDate+category.m */,
				00C9FE962125B4530027069C /* NSDate+category.h */,
			);
			path = NSDate;
			sourceTree = "<group>";
		};
		00C9FEFF212651CD0027069C /* Others */ = {
			isa = PBXGroup;
			children = (
				00C9FF00212651CD0027069C /* XcodeLog.m */,
				00AAFD1E2188498500038A34 /* Macro.h */,
			);
			path = Others;
			sourceTree = "<group>";
		};
		5336290D1416A4D11EFE2E89 /* Frameworks */ = {
			isa = PBXGroup;
			children = (
				E018464B3D32F11DC8E02AFE /* libPods-YLCategory.a */,
			);
			name = Frameworks;
			sourceTree = "<group>";
		};
		DF5CFDB43FFEDE9F11AB6713 /* Pods */ = {
			isa = PBXGroup;
			children = (
				4E632D6435BE0D371DAE685A /* Pods-YLCategory.debug.xcconfig */,
				60CD04D59D2DE1950B47E505 /* Pods-YLCategory.release.xcconfig */,
			);
			name = Pods;
			sourceTree = "<group>";
		};
/* End PBXGroup section */

/* Begin PBXNativeTarget section */
		0034C3C91C32E9670087DB48 /* YLCategory */ = {
			isa = PBXNativeTarget;
			buildConfigurationList = 0034C3F71C32E9670087DB48 /* Build configuration list for PBXNativeTarget "YLCategory" */;
			buildPhases = (
				8CB8EC39AB92C5F2DC73560A /* [CP] Check Pods Manifest.lock */,
				0034C3C61C32E9670087DB48 /* Sources */,
				0034C3C71C32E9670087DB48 /* Frameworks */,
				0034C3C81C32E9670087DB48 /* Resources */,
			);
			buildRules = (
			);
			dependencies = (
			);
			name = YLCategory;
			productName = YLCategory;
			productReference = 0034C3CA1C32E9670087DB48 /* YLCategory.app */;
			productType = "com.apple.product-type.application";
		};
		0034C3E21C32E9670087DB48 /* YLCategoryTests */ = {
			isa = PBXNativeTarget;
			buildConfigurationList = 0034C3FA1C32E9670087DB48 /* Build configuration list for PBXNativeTarget "YLCategoryTests" */;
			buildPhases = (
				0034C3DF1C32E9670087DB48 /* Sources */,
				0034C3E01C32E9670087DB48 /* Frameworks */,
				0034C3E11C32E9670087DB48 /* Resources */,
			);
			buildRules = (
			);
			dependencies = (
				0034C3E51C32E9670087DB48 /* PBXTargetDependency */,
			);
			name = YLCategoryTests;
			productName = YLCategoryTests;
			productReference = 0034C3E31C32E9670087DB48 /* YLCategoryTests.xctest */;
			productType = "com.apple.product-type.bundle.unit-test";
		};
		0034C3ED1C32E9670087DB48 /* YLCategoryUITests */ = {
			isa = PBXNativeTarget;
			buildConfigurationList = 0034C3FD1C32E9670087DB48 /* Build configuration list for PBXNativeTarget "YLCategoryUITests" */;
			buildPhases = (
				0034C3EA1C32E9670087DB48 /* Sources */,
				0034C3EB1C32E9670087DB48 /* Frameworks */,
				0034C3EC1C32E9670087DB48 /* Resources */,
			);
			buildRules = (
			);
			dependencies = (
				0034C3F01C32E9670087DB48 /* PBXTargetDependency */,
			);
			name = YLCategoryUITests;
			productName = YLCategoryUITests;
			productReference = 0034C3EE1C32E9670087DB48 /* YLCategoryUITests.xctest */;
			productType = "com.apple.product-type.bundle.ui-testing";
		};
/* End PBXNativeTarget section */

/* Begin PBXProject section */
		0034C3C21C32E9670087DB48 /* Project object */ = {
			isa = PBXProject;
			attributes = {
				LastUpgradeCheck = 0940;
				ORGANIZATIONNAME = WYL;
				TargetAttributes = {
					0034C3C91C32E9670087DB48 = {
						CreatedOnToolsVersion = 7.1.1;
						DevelopmentTeam = 87LJF62PN6;
					};
					0034C3E21C32E9670087DB48 = {
						CreatedOnToolsVersion = 7.1.1;
						DevelopmentTeam = 87LJF62PN6;
						TestTargetID = 0034C3C91C32E9670087DB48;
					};
					0034C3ED1C32E9670087DB48 = {
						CreatedOnToolsVersion = 7.1.1;
						DevelopmentTeam = 87LJF62PN6;
						TestTargetID = 0034C3C91C32E9670087DB48;
					};
				};
			};
			buildConfigurationList = 0034C3C51C32E9670087DB48 /* Build configuration list for PBXProject "YLCategory" */;
			compatibilityVersion = "Xcode 3.2";
			developmentRegion = English;
			hasScannedForEncodings = 0;
			knownRegions = (
				en,
				Base,
			);
			mainGroup = 0034C3C11C32E9670087DB48;
			productRefGroup = 0034C3CB1C32E9670087DB48 /* Products */;
			projectDirPath = "";
			projectRoot = "";
			targets = (
				0034C3C91C32E9670087DB48 /* YLCategory */,
				0034C3E21C32E9670087DB48 /* YLCategoryTests */,
				0034C3ED1C32E9670087DB48 /* YLCategoryUITests */,
			);
		};
/* End PBXProject section */

/* Begin PBXResourcesBuildPhase section */
		0034C3C81C32E9670087DB48 /* Resources */ = {
			isa = PBXResourcesBuildPhase;
			buildActionMask = 2147483647;
			files = (
				00C9FE9A2125B4530027069C /* Main.storyboard in Resources */,
				00C9FE972125B4530027069C /* Assets.xcassets in Resources */,
				00C9FE9E2125B4530027069C /* icon_selected@2x.png in Resources */,
				00C9FE992125B4530027069C /* LaunchScreen.storyboard in Resources */,
				00C9FEBB2125B4530027069C /* MBProgressHUD.bundle in Resources */,
			);
			runOnlyForDeploymentPostprocessing = 0;
		};
		0034C3E11C32E9670087DB48 /* Resources */ = {
			isa = PBXResourcesBuildPhase;
			buildActionMask = 2147483647;
			files = (
			);
			runOnlyForDeploymentPostprocessing = 0;
		};
		0034C3EC1C32E9670087DB48 /* Resources */ = {
			isa = PBXResourcesBuildPhase;
			buildActionMask = 2147483647;
			files = (
			);
			runOnlyForDeploymentPostprocessing = 0;
		};
/* End PBXResourcesBuildPhase section */

/* Begin PBXShellScriptBuildPhase section */
		8CB8EC39AB92C5F2DC73560A /* [CP] Check Pods Manifest.lock */ = {
			isa = PBXShellScriptBuildPhase;
			buildActionMask = 2147483647;
			files = (
			);
			inputPaths = (
				"${PODS_PODFILE_DIR_PATH}/Podfile.lock",
				"${PODS_ROOT}/Manifest.lock",
			);
			name = "[CP] Check Pods Manifest.lock";
			outputPaths = (
				"$(DERIVED_FILE_DIR)/Pods-YLCategory-checkManifestLockResult.txt",
			);
			runOnlyForDeploymentPostprocessing = 0;
			shellPath = /bin/sh;
			shellScript = "diff \"${PODS_PODFILE_DIR_PATH}/Podfile.lock\" \"${PODS_ROOT}/Manifest.lock\" > /dev/null\nif [ $? != 0 ] ; then\n    # print error to STDERR\n    echo \"error: The sandbox is not in sync with the Podfile.lock. Run 'pod install' or update your CocoaPods installation.\" >&2\n    exit 1\nfi\n# This output is used by Xcode 'outputs' to avoid re-running this script phase.\necho \"SUCCESS\" > \"${SCRIPT_OUTPUT_FILE_0}\"\n";
			showEnvVarsInLog = 0;
		};
/* End PBXShellScriptBuildPhase section */

/* Begin PBXSourcesBuildPhase section */
		0034C3C61C32E9670087DB48 /* Sources */ = {
			isa = PBXSourcesBuildPhase;
			buildActionMask = 2147483647;
			files = (
				00C9FEB82125B4530027069C /* UIControl+category.m in Sources */,
				00C9FEB32125B4530027069C /* UIView+Frame.m in Sources */,
				00C9FE9D2125B4530027069C /* AppDelegate.m in Sources */,
				00C9FEA62125B4530027069C /* SDWebImageCompat.m in Sources */,
				00C9FEB72125B4530027069C /* NSString+predicate.m in Sources */,
				00C9FEAE2125B4530027069C /* UIImage+category.m in Sources */,
				00C9FEA32125B4530027069C /* SDWebImageDownloader.m in Sources */,
				00C9FEAF2125B4530027069C /* UILabel+category.m in Sources */,
				00C9FEB22125B4530027069C /* UIAlertController+block.m in Sources */,
				00C9FEA72125B4530027069C /* SDWebImagePrefetcher.m in Sources */,
				00C9FEAB2125B4530027069C /* UIImageView+WebCache.m in Sources */,
				00C9FEB42125B4530027069C /* UIView+gesture.m in Sources */,
				00C9FEA12125B4530027069C /* SDWebImageManager.m in Sources */,
				00AAFD0B2186DCE900038A34 /* NSString+secret.m in Sources */,
				00C9FE982125B4530027069C /* ViewController.m in Sources */,
				00C9FEBC2125B4530027069C /* NSObject+category.m in Sources */,
				00C9FEB62125B4530027069C /* NSString+bounds.m in Sources */,
				00C9FEBD2125B4530027069C /* NSDate+category.m in Sources */,
				00C9FEB12125B4530027069C /* UIColor+category.m in Sources */,
				00C9FEAC2125B4530027069C /* UIButton+WebCache.m in Sources */,
				00C9FF02212651CD0027069C /* XcodeLog.m in Sources */,
				00C9FEA92125B4530027069C /* SDWebImageDownloaderOperation.m in Sources */,
				00C9FEB02125B4530027069C /* UIButton+block.m in Sources */,
				00C9FE9F2125B4530027069C /* UIImage+WebP.m in Sources */,
				00C9FEA22125B4530027069C /* SDWebImageDecoder.m in Sources */,
				00C9FE9C2125B4530027069C /* main.m in Sources */,
				00C9FEAA2125B4530027069C /* NSData+ImageContentType.m in Sources */,
				00C9FEBA2125B4530027069C /* MBProgressHUD+YL.m in Sources */,
				00C9FE9B2125B4530027069C /* TwoViewController.m in Sources */,
				00C9FEA42125B4530027069C /* UIImage+GIF.m in Sources */,
				00C9FEA02125B4530027069C /* MKAnnotationView+WebCache.m in Sources */,
				00C9FEA52125B4530027069C /* UIImage+MultiFormat.m in Sources */,
				00C9FEA82125B4530027069C /* SDImageCache.m in Sources */,
			);
			runOnlyForDeploymentPostprocessing = 0;
		};
		0034C3DF1C32E9670087DB48 /* Sources */ = {
			isa = PBXSourcesBuildPhase;
			buildActionMask = 2147483647;
			files = (
				0034C3E81C32E9670087DB48 /* YLCategoryTests.m in Sources */,
			);
			runOnlyForDeploymentPostprocessing = 0;
		};
		0034C3EA1C32E9670087DB48 /* Sources */ = {
			isa = PBXSourcesBuildPhase;
			buildActionMask = 2147483647;
			files = (
				0034C3F31C32E9670087DB48 /* YLCategoryUITests.m in Sources */,
			);
			runOnlyForDeploymentPostprocessing = 0;
		};
/* End PBXSourcesBuildPhase section */

/* Begin PBXTargetDependency section */
		0034C3E51C32E9670087DB48 /* PBXTargetDependency */ = {
			isa = PBXTargetDependency;
			target = 0034C3C91C32E9670087DB48 /* YLCategory */;
			targetProxy = 0034C3E41C32E9670087DB48 /* PBXContainerItemProxy */;
		};
		0034C3F01C32E9670087DB48 /* PBXTargetDependency */ = {
			isa = PBXTargetDependency;
			target = 0034C3C91C32E9670087DB48 /* YLCategory */;
			targetProxy = 0034C3EF1C32E9670087DB48 /* PBXContainerItemProxy */;
		};
/* End PBXTargetDependency section */

/* Begin PBXVariantGroup section */
		00C9FE412125B4530027069C /* LaunchScreen.storyboard */ = {
			isa = PBXVariantGroup;
			children = (
				00C9FE422125B4530027069C /* Base */,
			);
			name = LaunchScreen.storyboard;
			sourceTree = "<group>";
		};
		00C9FE432125B4530027069C /* Main.storyboard */ = {
			isa = PBXVariantGroup;
			children = (
				00C9FE442125B4530027069C /* Base */,
			);
			name = Main.storyboard;
			sourceTree = "<group>";
		};
/* End PBXVariantGroup section */

/* Begin XCBuildConfiguration section */
		0034C3F51C32E9670087DB48 /* Debug */ = {
			isa = XCBuildConfiguration;
			buildSettings = {
				ALWAYS_SEARCH_USER_PATHS = NO;
				CLANG_CXX_LANGUAGE_STANDARD = "gnu++0x";
				CLANG_CXX_LIBRARY = "libc++";
				CLANG_ENABLE_MODULES = YES;
				CLANG_ENABLE_OBJC_ARC = YES;
				CLANG_WARN_BLOCK_CAPTURE_AUTORELEASING = YES;
				CLANG_WARN_BOOL_CONVERSION = YES;
				CLANG_WARN_COMMA = YES;
				CLANG_WARN_CONSTANT_CONVERSION = YES;
				CLANG_WARN_DEPRECATED_OBJC_IMPLEMENTATIONS = YES;
				CLANG_WARN_DIRECT_OBJC_ISA_USAGE = YES_ERROR;
				CLANG_WARN_EMPTY_BODY = YES;
				CLANG_WARN_ENUM_CONVERSION = YES;
				CLANG_WARN_INFINITE_RECURSION = YES;
				CLANG_WARN_INT_CONVERSION = YES;
				CLANG_WARN_NON_LITERAL_NULL_CONVERSION = YES;
				CLANG_WARN_OBJC_IMPLICIT_RETAIN_SELF = YES;
				CLANG_WARN_OBJC_LITERAL_CONVERSION = YES;
				CLANG_WARN_OBJC_ROOT_CLASS = YES_ERROR;
				CLANG_WARN_RANGE_LOOP_ANALYSIS = YES;
				CLANG_WARN_STRICT_PROTOTYPES = YES;
				CLANG_WARN_SUSPICIOUS_MOVE = YES;
				CLANG_WARN_UNREACHABLE_CODE = YES;
				CLANG_WARN__DUPLICATE_METHOD_MATCH = YES;
				"CODE_SIGN_IDENTITY[sdk=iphoneos*]" = "iPhone Developer";
				COPY_PHASE_STRIP = NO;
				DEBUG_INFORMATION_FORMAT = dwarf;
				ENABLE_STRICT_OBJC_MSGSEND = YES;
				ENABLE_TESTABILITY = YES;
				GCC_C_LANGUAGE_STANDARD = gnu99;
				GCC_DYNAMIC_NO_PIC = NO;
				GCC_NO_COMMON_BLOCKS = YES;
				GCC_OPTIMIZATION_LEVEL = 0;
				GCC_PREPROCESSOR_DEFINITIONS = (
					"DEBUG=1",
					"$(inherited)",
				);
				GCC_WARN_64_TO_32_BIT_CONVERSION = YES;
				GCC_WARN_ABOUT_RETURN_TYPE = YES_ERROR;
				GCC_WARN_UNDECLARED_SELECTOR = YES;
				GCC_WARN_UNINITIALIZED_AUTOS = YES_AGGRESSIVE;
				GCC_WARN_UNUSED_FUNCTION = YES;
				GCC_WARN_UNUSED_VARIABLE = YES;
				IPHONEOS_DEPLOYMENT_TARGET = 8.0;
				MTL_ENABLE_DEBUG_INFO = YES;
				ONLY_ACTIVE_ARCH = YES;
				SDKROOT = iphoneos;
				TARGETED_DEVICE_FAMILY = "1,2";
			};
			name = Debug;
		};
		0034C3F61C32E9670087DB48 /* Release */ = {
			isa = XCBuildConfiguration;
			buildSettings = {
				ALWAYS_SEARCH_USER_PATHS = NO;
				CLANG_CXX_LANGUAGE_STANDARD = "gnu++0x";
				CLANG_CXX_LIBRARY = "libc++";
				CLANG_ENABLE_MODULES = YES;
				CLANG_ENABLE_OBJC_ARC = YES;
				CLANG_WARN_BLOCK_CAPTURE_AUTORELEASING = YES;
				CLANG_WARN_BOOL_CONVERSION = YES;
				CLANG_WARN_COMMA = YES;
				CLANG_WARN_CONSTANT_CONVERSION = YES;
				CLANG_WARN_DEPRECATED_OBJC_IMPLEMENTATIONS = YES;
				CLANG_WARN_DIRECT_OBJC_ISA_USAGE = YES_ERROR;
				CLANG_WARN_EMPTY_BODY = YES;
				CLANG_WARN_ENUM_CONVERSION = YES;
				CLANG_WARN_INFINITE_RECURSION = YES;
				CLANG_WARN_INT_CONVERSION = YES;
				CLANG_WARN_NON_LITERAL_NULL_CONVERSION = YES;
				CLANG_WARN_OBJC_IMPLICIT_RETAIN_SELF = YES;
				CLANG_WARN_OBJC_LITERAL_CONVERSION = YES;
				CLANG_WARN_OBJC_ROOT_CLASS = YES_ERROR;
				CLANG_WARN_RANGE_LOOP_ANALYSIS = YES;
				CLANG_WARN_STRICT_PROTOTYPES = YES;
				CLANG_WARN_SUSPICIOUS_MOVE = YES;
				CLANG_WARN_UNREACHABLE_CODE = YES;
				CLANG_WARN__DUPLICATE_METHOD_MATCH = YES;
				"CODE_SIGN_IDENTITY[sdk=iphoneos*]" = "iPhone Developer";
				COPY_PHASE_STRIP = NO;
				DEBUG_INFORMATION_FORMAT = "dwarf-with-dsym";
				ENABLE_NS_ASSERTIONS = NO;
				ENABLE_STRICT_OBJC_MSGSEND = YES;
				GCC_C_LANGUAGE_STANDARD = gnu99;
				GCC_NO_COMMON_BLOCKS = YES;
				GCC_WARN_64_TO_32_BIT_CONVERSION = YES;
				GCC_WARN_ABOUT_RETURN_TYPE = YES_ERROR;
				GCC_WARN_UNDECLARED_SELECTOR = YES;
				GCC_WARN_UNINITIALIZED_AUTOS = YES_AGGRESSIVE;
				GCC_WARN_UNUSED_FUNCTION = YES;
				GCC_WARN_UNUSED_VARIABLE = YES;
				IPHONEOS_DEPLOYMENT_TARGET = 8.0;
				MTL_ENABLE_DEBUG_INFO = NO;
				SDKROOT = iphoneos;
				TARGETED_DEVICE_FAMILY = "1,2";
				VALIDATE_PRODUCT = YES;
			};
			name = Release;
		};
		0034C3F81C32E9670087DB48 /* Debug */ = {
			isa = XCBuildConfiguration;
			baseConfigurationReference = 4E632D6435BE0D371DAE685A /* Pods-YLCategory.debug.xcconfig */;
			buildSettings = {
				ASSETCATALOG_COMPILER_APPICON_NAME = AppIcon;
				DEVELOPMENT_TEAM = 87LJF62PN6;
				INFOPLIST_FILE = "$(SRCROOT)/YLCategoryExample/Info.plist";
				IPHONEOS_DEPLOYMENT_TARGET = 8.0;
				LD_RUNPATH_SEARCH_PATHS = "$(inherited) @executable_path/Frameworks";
				PRODUCT_BUNDLE_IDENTIFIER = yulong.wei.com;
				PRODUCT_NAME = "$(TARGET_NAME)";
				TARGETED_DEVICE_FAMILY = 1;
			};
			name = Debug;
		};
		0034C3F91C32E9670087DB48 /* Release */ = {
			isa = XCBuildConfiguration;
			baseConfigurationReference = 60CD04D59D2DE1950B47E505 /* Pods-YLCategory.release.xcconfig */;
			buildSettings = {
				ASSETCATALOG_COMPILER_APPICON_NAME = AppIcon;
				DEVELOPMENT_TEAM = 87LJF62PN6;
				INFOPLIST_FILE = "$(SRCROOT)/YLCategoryExample/Info.plist";
				IPHONEOS_DEPLOYMENT_TARGET = 8.0;
				LD_RUNPATH_SEARCH_PATHS = "$(inherited) @executable_path/Frameworks";
				PRODUCT_BUNDLE_IDENTIFIER = yulong.wei.com;
				PRODUCT_NAME = "$(TARGET_NAME)";
				TARGETED_DEVICE_FAMILY = 1;
			};
			name = Release;
		};
		0034C3FB1C32E9670087DB48 /* Debug */ = {
			isa = XCBuildConfiguration;
			buildSettings = {
				BUNDLE_LOADER = "$(TEST_HOST)";
				INFOPLIST_FILE = YLCategoryTests/Info.plist;
				LD_RUNPATH_SEARCH_PATHS = "$(inherited) @executable_path/Frameworks @loader_path/Frameworks";
				PRODUCT_BUNDLE_IDENTIFIER = "--wyl.YLCategoryTests";
				PRODUCT_NAME = "$(TARGET_NAME)";
				TEST_HOST = "$(BUILT_PRODUCTS_DIR)/YLCategory.app/YLCategory";
			};
			name = Debug;
		};
		0034C3FC1C32E9670087DB48 /* Release */ = {
			isa = XCBuildConfiguration;
			buildSettings = {
				BUNDLE_LOADER = "$(TEST_HOST)";
				INFOPLIST_FILE = YLCategoryTests/Info.plist;
				LD_RUNPATH_SEARCH_PATHS = "$(inherited) @executable_path/Frameworks @loader_path/Frameworks";
				PRODUCT_BUNDLE_IDENTIFIER = "--wyl.YLCategoryTests";
				PRODUCT_NAME = "$(TARGET_NAME)";
				TEST_HOST = "$(BUILT_PRODUCTS_DIR)/YLCategory.app/YLCategory";
			};
			name = Release;
		};
		0034C3FE1C32E9670087DB48 /* Debug */ = {
			isa = XCBuildConfiguration;
			buildSettings = {
				INFOPLIST_FILE = YLCategoryUITests/Info.plist;
				LD_RUNPATH_SEARCH_PATHS = "$(inherited) @executable_path/Frameworks @loader_path/Frameworks";
				PRODUCT_BUNDLE_IDENTIFIER = "--wyl.YLCategoryUITests";
				PRODUCT_NAME = "$(TARGET_NAME)";
				TEST_TARGET_NAME = YLCategory;
				USES_XCTRUNNER = YES;
			};
			name = Debug;
		};
		0034C3FF1C32E9670087DB48 /* Release */ = {
			isa = XCBuildConfiguration;
			buildSettings = {
				INFOPLIST_FILE = YLCategoryUITests/Info.plist;
				LD_RUNPATH_SEARCH_PATHS = "$(inherited) @executable_path/Frameworks @loader_path/Frameworks";
				PRODUCT_BUNDLE_IDENTIFIER = "--wyl.YLCategoryUITests";
				PRODUCT_NAME = "$(TARGET_NAME)";
				TEST_TARGET_NAME = YLCategory;
				USES_XCTRUNNER = YES;
			};
			name = Release;
		};
/* End XCBuildConfiguration section */

/* Begin XCConfigurationList section */
		0034C3C51C32E9670087DB48 /* Build configuration list for PBXProject "YLCategory" */ = {
			isa = XCConfigurationList;
			buildConfigurations = (
				0034C3F51C32E9670087DB48 /* Debug */,
				0034C3F61C32E9670087DB48 /* Release */,
			);
			defaultConfigurationIsVisible = 0;
			defaultConfigurationName = Release;
		};
		0034C3F71C32E9670087DB48 /* Build configuration list for PBXNativeTarget "YLCategory" */ = {
			isa = XCConfigurationList;
			buildConfigurations = (
				0034C3F81C32E9670087DB48 /* Debug */,
				0034C3F91C32E9670087DB48 /* Release */,
			);
			defaultConfigurationIsVisible = 0;
			defaultConfigurationName = Release;
		};
		0034C3FA1C32E9670087DB48 /* Build configuration list for PBXNativeTarget "YLCategoryTests" */ = {
			isa = XCConfigurationList;
			buildConfigurations = (
				0034C3FB1C32E9670087DB48 /* Debug */,
				0034C3FC1C32E9670087DB48 /* Release */,
			);
			defaultConfigurationIsVisible = 0;
			defaultConfigurationName = Release;
		};
		0034C3FD1C32E9670087DB48 /* Build configuration list for PBXNativeTarget "YLCategoryUITests" */ = {
			isa = XCConfigurationList;
			buildConfigurations = (
				0034C3FE1C32E9670087DB48 /* Debug */,
				0034C3FF1C32E9670087DB48 /* Release */,
			);
			defaultConfigurationIsVisible = 0;
			defaultConfigurationName = Release;
		};
/* End XCConfigurationList section */
	};
	rootObject = 0034C3C21C32E9670087DB48 /* Project object */;
}
